{
  "version": 4,
  "terraform_version": "1.4.2",
  "serial": 58,
  "lineage": "e59d993e-4962-bce3-cc73-a68ab8df756c",
  "outputs": {},
  "resources": [
    {
      "module": "module.ec2_app_module",
      "mode": "managed",
      "type": "aws_instance",
      "name": "ec2_instance",
      "provider": "provider[\"registry.terraform.io/hashicorp/aws\"]",
      "instances": [
        {
          "schema_version": 1,
          "attributes": {
            "ami": "ami-053b0d53c279acc90",
            "arn": "arn:aws:ec2:us-east-1:134695493860:instance/i-094f4f929d6c9be34",
            "associate_public_ip_address": true,
            "availability_zone": "us-east-1b",
            "capacity_reservation_specification": [
              {
                "capacity_reservation_preference": "open",
                "capacity_reservation_target": []
              }
            ],
            "cpu_core_count": 1,
            "cpu_options": [
              {
                "amd_sev_snp": "",
                "core_count": 1,
                "threads_per_core": 1
              }
            ],
            "cpu_threads_per_core": 1,
            "credit_specification": [
              {
                "cpu_credits": "standard"
              }
            ],
            "disable_api_stop": false,
            "disable_api_termination": false,
            "ebs_block_device": [],
            "ebs_optimized": false,
            "enclave_options": [
              {
                "enabled": false
              }
            ],
            "ephemeral_block_device": [],
            "get_password_data": false,
            "hibernation": false,
            "host_id": "",
            "host_resource_group_arn": null,
            "iam_instance_profile": "",
            "id": "i-094f4f929d6c9be34",
            "instance_initiated_shutdown_behavior": "stop",
            "instance_state": "running",
            "instance_type": "t2.micro",
            "ipv6_address_count": 0,
            "ipv6_addresses": [],
            "key_name": "public-terrform-key",
            "launch_template": [],
            "maintenance_options": [
              {
                "auto_recovery": "default"
              }
            ],
            "metadata_options": [
              {
                "http_endpoint": "enabled",
                "http_put_response_hop_limit": 1,
                "http_tokens": "optional",
                "instance_metadata_tags": "disabled"
              }
            ],
            "monitoring": false,
            "network_interface": [],
            "outpost_arn": "",
            "password_data": "",
            "placement_group": "",
            "placement_partition_number": 0,
            "primary_network_interface_id": "eni-055faa4f11b1dcee1",
            "private_dns": "ip-172-31-85-66.ec2.internal",
            "private_dns_name_options": [
              {
                "enable_resource_name_dns_a_record": false,
                "enable_resource_name_dns_aaaa_record": false,
                "hostname_type": "ip-name"
              }
            ],
            "private_ip": "172.31.85.66",
            "public_dns": "ec2-3-89-215-100.compute-1.amazonaws.com",
            "public_ip": "3.89.215.100",
            "root_block_device": [
              {
                "delete_on_termination": true,
                "device_name": "/dev/sda1",
                "encrypted": false,
                "iops": 100,
                "kms_key_id": "",
                "tags": {},
                "throughput": 0,
                "volume_id": "vol-085a581587ed82dab",
                "volume_size": 8,
                "volume_type": "gp2"
              }
            ],
            "secondary_private_ips": [],
            "security_groups": [
              "app-security-group"
            ],
            "source_dest_check": true,
            "subnet_id": "subnet-04f806b513712b7af",
            "tags": {
              "Name": "app-instance"
            },
            "tags_all": {
              "Name": "app-instance"
            },
            "tenancy": "default",
            "timeouts": null,
            "user_data": "",
            "user_data_base64": null,
            "user_data_replace_on_change": false,
            "volume_tags": null,
            "vpc_security_group_ids": [
              "sg-0191cd17084bc24b9"
            ]
          },
          "sensitive_attributes": [],
          "private": "eyJlMmJmYjczMC1lY2FhLTExZTYtOGY4OC0zNDM2M2JjN2M0YzAiOnsiY3JlYXRlIjo2MDAwMDAwMDAwMDAsImRlbGV0ZSI6MTIwMDAwMDAwMDAwMCwidXBkYXRlIjo2MDAwMDAwMDAwMDB9LCJzY2hlbWFfdmVyc2lvbiI6IjEifQ==",
          "dependencies": [
            "module.ec2_app_module.aws_security_group.security_group",
            "module.key_pair_module.aws_key_pair.public_terrform_key",
            "module.key_pair_module.local_file.private_terrform_key",
            "module.key_pair_module.tls_private_key.rsa"
          ]
        }
      ]
    },
    {
      "module": "module.ec2_app_module",
      "mode": "managed",
      "type": "aws_security_group",
      "name": "security_group",
      "provider": "provider[\"registry.terraform.io/hashicorp/aws\"]",
      "instances": [
        {
          "schema_version": 1,
          "attributes": {
            "arn": "arn:aws:ec2:us-east-1:134695493860:security-group/sg-0191cd17084bc24b9",
            "description": "Security Group - Ec2 Instance.",
            "egress": [
              {
                "cidr_blocks": [
                  "0.0.0.0/0"
                ],
                "description": "",
                "from_port": 0,
                "ipv6_cidr_blocks": [],
                "prefix_list_ids": [],
                "protocol": "-1",
                "security_groups": [],
                "self": false,
                "to_port": 0
              }
            ],
            "id": "sg-0191cd17084bc24b9",
            "ingress": [
              {
                "cidr_blocks": [
                  "0.0.0.0/0"
                ],
                "description": "",
                "from_port": 22,
                "ipv6_cidr_blocks": [],
                "prefix_list_ids": [],
                "protocol": "tcp",
                "security_groups": [],
                "self": false,
                "to_port": 22
              },
              {
                "cidr_blocks": [
                  "0.0.0.0/0"
                ],
                "description": "",
                "from_port": 433,
                "ipv6_cidr_blocks": [],
                "prefix_list_ids": [],
                "protocol": "tcp",
                "security_groups": [],
                "self": false,
                "to_port": 433
              },
              {
                "cidr_blocks": [
                  "0.0.0.0/0"
                ],
                "description": "",
                "from_port": 5000,
                "ipv6_cidr_blocks": [],
                "prefix_list_ids": [],
                "protocol": "tcp",
                "security_groups": [],
                "self": false,
                "to_port": 5000
              },
              {
                "cidr_blocks": [
                  "0.0.0.0/0"
                ],
                "description": "",
                "from_port": 8080,
                "ipv6_cidr_blocks": [],
                "prefix_list_ids": [],
                "protocol": "tcp",
                "security_groups": [],
                "self": false,
                "to_port": 8080
              },
              {
                "cidr_blocks": [
                  "0.0.0.0/0"
                ],
                "description": "",
                "from_port": 80,
                "ipv6_cidr_blocks": [],
                "prefix_list_ids": [],
                "protocol": "tcp",
                "security_groups": [],
                "self": false,
                "to_port": 80
              }
            ],
            "name": "app-security-group",
            "name_prefix": "",
            "owner_id": "134695493860",
            "revoke_rules_on_delete": false,
            "tags": {
              "Name": "app-security-group"
            },
            "tags_all": {
              "Name": "app-security-group"
            },
            "timeouts": null,
            "vpc_id": "vpc-029b30bb5ac766477"
          },
          "sensitive_attributes": [],
          "private": "eyJlMmJmYjczMC1lY2FhLTExZTYtOGY4OC0zNDM2M2JjN2M0YzAiOnsiY3JlYXRlIjo2MDAwMDAwMDAwMDAsImRlbGV0ZSI6OTAwMDAwMDAwMDAwfSwic2NoZW1hX3ZlcnNpb24iOiIxIn0=",
          "dependencies": [
            "module.key_pair_module.aws_key_pair.public_terrform_key",
            "module.key_pair_module.local_file.private_terrform_key",
            "module.key_pair_module.tls_private_key.rsa"
          ]
        }
      ]
    },
    {
      "module": "module.ec2_jenkins_module",
      "mode": "managed",
      "type": "aws_instance",
      "name": "ec2_instance",
      "provider": "provider[\"registry.terraform.io/hashicorp/aws\"]",
      "instances": [
        {
          "schema_version": 1,
          "attributes": {
            "ami": "ami-053b0d53c279acc90",
            "arn": "arn:aws:ec2:us-east-1:134695493860:instance/i-02a95219bf7273686",
            "associate_public_ip_address": true,
            "availability_zone": "us-east-1b",
            "capacity_reservation_specification": [
              {
                "capacity_reservation_preference": "open",
                "capacity_reservation_target": []
              }
            ],
            "cpu_core_count": 1,
            "cpu_options": [
              {
                "amd_sev_snp": "",
                "core_count": 1,
                "threads_per_core": 1
              }
            ],
            "cpu_threads_per_core": 1,
            "credit_specification": [
              {
                "cpu_credits": "standard"
              }
            ],
            "disable_api_stop": false,
            "disable_api_termination": false,
            "ebs_block_device": [],
            "ebs_optimized": false,
            "enclave_options": [
              {
                "enabled": false
              }
            ],
            "ephemeral_block_device": [],
            "get_password_data": false,
            "hibernation": false,
            "host_id": "",
            "host_resource_group_arn": null,
            "iam_instance_profile": "",
            "id": "i-02a95219bf7273686",
            "instance_initiated_shutdown_behavior": "stop",
            "instance_state": "running",
            "instance_type": "t2.micro",
            "ipv6_address_count": 0,
            "ipv6_addresses": [],
            "key_name": "public-terrform-key",
            "launch_template": [],
            "maintenance_options": [
              {
                "auto_recovery": "default"
              }
            ],
            "metadata_options": [
              {
                "http_endpoint": "enabled",
                "http_put_response_hop_limit": 1,
                "http_tokens": "optional",
                "instance_metadata_tags": "disabled"
              }
            ],
            "monitoring": false,
            "network_interface": [],
            "outpost_arn": "",
            "password_data": "",
            "placement_group": "",
            "placement_partition_number": 0,
            "primary_network_interface_id": "eni-0a36b021eb7b1ca5b",
            "private_dns": "ip-172-31-89-150.ec2.internal",
            "private_dns_name_options": [
              {
                "enable_resource_name_dns_a_record": false,
                "enable_resource_name_dns_aaaa_record": false,
                "hostname_type": "ip-name"
              }
            ],
            "private_ip": "172.31.89.150",
            "public_dns": "ec2-54-208-210-231.compute-1.amazonaws.com",
            "public_ip": "54.208.210.231",
            "root_block_device": [
              {
                "delete_on_termination": true,
                "device_name": "/dev/sda1",
                "encrypted": false,
                "iops": 100,
                "kms_key_id": "",
                "tags": {},
                "throughput": 0,
                "volume_id": "vol-0f3a45a48d8a62c19",
                "volume_size": 8,
                "volume_type": "gp2"
              }
            ],
            "secondary_private_ips": [],
            "security_groups": [
              "security-group"
            ],
            "source_dest_check": true,
            "subnet_id": "subnet-04f806b513712b7af",
            "tags": {
              "Name": "jenkins-instance"
            },
            "tags_all": {
              "Name": "jenkins-instance"
            },
            "tenancy": "default",
            "timeouts": null,
            "user_data": "",
            "user_data_base64": null,
            "user_data_replace_on_change": false,
            "volume_tags": null,
            "vpc_security_group_ids": [
              "sg-05818036799ca81f8"
            ]
          },
          "sensitive_attributes": [],
          "private": "eyJlMmJmYjczMC1lY2FhLTExZTYtOGY4OC0zNDM2M2JjN2M0YzAiOnsiY3JlYXRlIjo2MDAwMDAwMDAwMDAsImRlbGV0ZSI6MTIwMDAwMDAwMDAwMCwidXBkYXRlIjo2MDAwMDAwMDAwMDB9LCJzY2hlbWFfdmVyc2lvbiI6IjEifQ==",
          "dependencies": [
            "module.ec2_jenkins_module.aws_security_group.security_group",
            "module.key_pair_module.aws_key_pair.public_terrform_key",
            "module.key_pair_module.local_file.private_terrform_key",
            "module.key_pair_module.tls_private_key.rsa"
          ]
        }
      ]
    },
    {
      "module": "module.ec2_jenkins_module",
      "mode": "managed",
      "type": "aws_security_group",
      "name": "security_group",
      "provider": "provider[\"registry.terraform.io/hashicorp/aws\"]",
      "instances": [
        {
          "schema_version": 1,
          "attributes": {
            "arn": "arn:aws:ec2:us-east-1:134695493860:security-group/sg-05818036799ca81f8",
            "description": "Security Group - Ec2 Instance.",
            "egress": [
              {
                "cidr_blocks": [
                  "0.0.0.0/0"
                ],
                "description": "",
                "from_port": 0,
                "ipv6_cidr_blocks": [],
                "prefix_list_ids": [],
                "protocol": "-1",
                "security_groups": [],
                "self": false,
                "to_port": 0
              }
            ],
            "id": "sg-05818036799ca81f8",
            "ingress": [
              {
                "cidr_blocks": [
                  "0.0.0.0/0"
                ],
                "description": "",
                "from_port": 22,
                "ipv6_cidr_blocks": [],
                "prefix_list_ids": [],
                "protocol": "tcp",
                "security_groups": [],
                "self": false,
                "to_port": 22
              },
              {
                "cidr_blocks": [
                  "0.0.0.0/0"
                ],
                "description": "",
                "from_port": 433,
                "ipv6_cidr_blocks": [],
                "prefix_list_ids": [],
                "protocol": "tcp",
                "security_groups": [],
                "self": false,
                "to_port": 433
              },
              {
                "cidr_blocks": [
                  "0.0.0.0/0"
                ],
                "description": "",
                "from_port": 5000,
                "ipv6_cidr_blocks": [],
                "prefix_list_ids": [],
                "protocol": "tcp",
                "security_groups": [],
                "self": false,
                "to_port": 5000
              },
              {
                "cidr_blocks": [
                  "0.0.0.0/0"
                ],
                "description": "",
                "from_port": 8080,
                "ipv6_cidr_blocks": [],
                "prefix_list_ids": [],
                "protocol": "tcp",
                "security_groups": [],
                "self": false,
                "to_port": 8080
              },
              {
                "cidr_blocks": [
                  "0.0.0.0/0"
                ],
                "description": "",
                "from_port": 80,
                "ipv6_cidr_blocks": [],
                "prefix_list_ids": [],
                "protocol": "tcp",
                "security_groups": [],
                "self": false,
                "to_port": 80
              }
            ],
            "name": "security-group",
            "name_prefix": "",
            "owner_id": "134695493860",
            "revoke_rules_on_delete": false,
            "tags": {
              "Name": "security-group"
            },
            "tags_all": {
              "Name": "security-group"
            },
            "timeouts": null,
            "vpc_id": "vpc-029b30bb5ac766477"
          },
          "sensitive_attributes": [],
          "private": "eyJlMmJmYjczMC1lY2FhLTExZTYtOGY4OC0zNDM2M2JjN2M0YzAiOnsiY3JlYXRlIjo2MDAwMDAwMDAwMDAsImRlbGV0ZSI6OTAwMDAwMDAwMDAwfSwic2NoZW1hX3ZlcnNpb24iOiIxIn0=",
          "dependencies": [
            "module.key_pair_module.aws_key_pair.public_terrform_key",
            "module.key_pair_module.local_file.private_terrform_key",
            "module.key_pair_module.tls_private_key.rsa"
          ]
        }
      ]
    },
    {
      "module": "module.elastic_ip_module",
      "mode": "managed",
      "type": "aws_eip",
      "name": "elastic_ip",
      "provider": "provider[\"registry.terraform.io/hashicorp/aws\"]",
      "instances": [
        {
          "schema_version": 0,
          "attributes": {
            "address": null,
            "allocation_id": "eipalloc-0d70ca54a6d72c68b",
            "associate_with_private_ip": null,
            "association_id": "",
            "carrier_ip": "",
            "customer_owned_ip": "",
            "customer_owned_ipv4_pool": "",
            "domain": "vpc",
            "id": "eipalloc-0d70ca54a6d72c68b",
            "instance": "",
            "network_border_group": "us-east-1",
            "network_interface": "",
            "private_dns": null,
            "private_ip": "",
            "public_dns": "ec2-54-236-229-75.compute-1.amazonaws.com",
            "public_ip": "54.236.229.75",
            "public_ipv4_pool": "amazon",
            "tags": null,
            "tags_all": {},
            "timeouts": null,
            "vpc": true
          },
          "sensitive_attributes": [],
          "private": "eyJlMmJmYjczMC1lY2FhLTExZTYtOGY4OC0zNDM2M2JjN2M0YzAiOnsiZGVsZXRlIjoxODAwMDAwMDAwMDAsInJlYWQiOjkwMDAwMDAwMDAwMCwidXBkYXRlIjozMDAwMDAwMDAwMDB9fQ==",
          "dependencies": [
            "module.ec2_jenkins_module.aws_instance.ec2_instance",
            "module.ec2_jenkins_module.aws_security_group.security_group",
            "module.key_pair_module.aws_key_pair.public_terrform_key",
            "module.key_pair_module.local_file.private_terrform_key",
            "module.key_pair_module.tls_private_key.rsa"
          ]
        }
      ]
    },
    {
      "module": "module.elastic_ip_module",
      "mode": "managed",
      "type": "aws_eip_association",
      "name": "apply_elastic_ip",
      "provider": "provider[\"registry.terraform.io/hashicorp/aws\"]",
      "instances": [
        {
          "schema_version": 0,
          "attributes": {
            "allocation_id": "eipalloc-0d70ca54a6d72c68b",
            "allow_reassociation": null,
            "id": "eipassoc-0f4125b5234f58361",
            "instance_id": "i-094f4f929d6c9be34",
            "network_interface_id": "eni-055faa4f11b1dcee1",
            "private_ip_address": "172.31.85.66",
            "public_ip": "54.236.229.75"
          },
          "sensitive_attributes": [],
          "private": "bnVsbA==",
          "dependencies": [
            "module.ec2_app_module.aws_instance.ec2_instance",
            "module.ec2_app_module.aws_security_group.security_group",
            "module.ec2_jenkins_module.aws_instance.ec2_instance",
            "module.ec2_jenkins_module.aws_security_group.security_group",
            "module.elastic_ip_module.aws_eip.elastic_ip",
            "module.key_pair_module.aws_key_pair.public_terrform_key",
            "module.key_pair_module.local_file.private_terrform_key",
            "module.key_pair_module.tls_private_key.rsa"
          ]
        }
      ]
    },
    {
      "module": "module.iam_user_module",
      "mode": "managed",
      "type": "aws_iam_access_key",
      "name": "iam_access_key",
      "provider": "provider[\"registry.terraform.io/hashicorp/aws\"]",
      "instances": [
        {
          "schema_version": 0,
          "attributes": {
            "create_date": "2023-06-04T13:20:53Z",
            "encrypted_secret": null,
            "encrypted_ses_smtp_password_v4": null,
            "id": "AKIAR6XD2EDSJYN7AGGW",
            "key_fingerprint": null,
            "pgp_key": null,
            "secret": "yFl99Vd7oeZW7sHtb1+nK9imJwJxkx5dZfopNTZW",
            "ses_smtp_password_v4": "BAgj9sJ970nrYspa8fy5UKeKl/h1KN7uv74UhK6KNPhP",
            "status": "Active",
            "user": "jenkins-user"
          },
          "sensitive_attributes": [],
          "private": "bnVsbA==",
          "dependencies": [
            "module.ec2_app_module.aws_instance.ec2_instance",
            "module.ec2_app_module.aws_security_group.security_group",
            "module.iam_user_module.aws_iam_user.iam_user",
            "module.key_pair_module.aws_key_pair.public_terrform_key",
            "module.key_pair_module.local_file.private_terrform_key",
            "module.key_pair_module.tls_private_key.rsa"
          ]
        }
      ]
    },
    {
      "module": "module.iam_user_module",
      "mode": "managed",
      "type": "aws_iam_user",
      "name": "iam_user",
      "provider": "provider[\"registry.terraform.io/hashicorp/aws\"]",
      "instances": [
        {
          "schema_version": 0,
          "attributes": {
            "arn": "arn:aws:iam::134695493860:user/jenkins-user",
            "force_destroy": false,
            "id": "jenkins-user",
            "name": "jenkins-user",
            "path": "/",
            "permissions_boundary": null,
            "tags": {
              "Name": "jenkins-user"
            },
            "tags_all": {
              "Name": "jenkins-user"
            },
            "unique_id": "AIDAR6XD2EDSEEV2GUSFW"
          },
          "sensitive_attributes": [],
          "private": "bnVsbA==",
          "dependencies": [
            "module.ec2_app_module.aws_instance.ec2_instance",
            "module.ec2_app_module.aws_security_group.security_group",
            "module.key_pair_module.aws_key_pair.public_terrform_key",
            "module.key_pair_module.local_file.private_terrform_key",
            "module.key_pair_module.tls_private_key.rsa"
          ]
        }
      ]
    },
    {
      "module": "module.iam_user_module",
      "mode": "managed",
      "type": "aws_iam_user_policy_attachment",
      "name": "iam_policy",
      "provider": "provider[\"registry.terraform.io/hashicorp/aws\"]",
      "instances": [
        {
          "schema_version": 0,
          "attributes": {
            "id": "jenkins-user-20230604132054438300000003",
            "policy_arn": "arn:aws:iam::aws:policy/AdministratorAccess",
            "user": "jenkins-user"
          },
          "sensitive_attributes": [],
          "private": "bnVsbA==",
          "dependencies": [
            "module.ec2_app_module.aws_instance.ec2_instance",
            "module.ec2_app_module.aws_security_group.security_group",
            "module.iam_user_module.aws_iam_user.iam_user",
            "module.key_pair_module.aws_key_pair.public_terrform_key",
            "module.key_pair_module.local_file.private_terrform_key",
            "module.key_pair_module.tls_private_key.rsa"
          ]
        }
      ]
    },
    {
      "module": "module.iam_user_module",
      "mode": "managed",
      "type": "local_file",
      "name": "iam_access_key_local",
      "provider": "provider[\"registry.terraform.io/hashicorp/local\"]",
      "instances": [
        {
          "schema_version": 0,
          "attributes": {
            "content": "AWS_ACCESS_KEY_ID: AKIAR6XD2EDSJYN7AGGW \nAWS_SECRET_ACCESS_KEY: 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",
            "content_base64": null,
            "content_base64sha256": "ha96UzMEONUnB8LghSpJbBnJ6xRvYhOBOzyFftS/AUY=",
            "content_base64sha512": "PJpWsfnNfKJpv7maQPp/cIyyp3iSz7gfdxyXEG50Ic/3MmpqQTM9XBRjgaVcyJelAAKDY7LhGjaxRbid20CwwA==",
            "content_md5": "32bf8eeb4d183f7c7c623f3fbd277912",
            "content_sha1": "cb1d5b6c01e6addf67064d05a1543c79c86ff862",
            "content_sha256": "85af7a53330438d52707c2e0852a496c19c9eb146f6213813b3c857ed4bf0146",
            "content_sha512": "3c9a56b1f9cd7ca269bfb99a40fa7f708cb2a77892cfb81f771c97106e7421cff7326a6a41333d5c146381a55cc897a500028363b2e11a36b145b89ddb40b0c0",
            "directory_permission": "0777",
            "file_permission": "0777",
            "filename": "../../keys-dev/jenkins-user-keys.txt",
            "id": "cb1d5b6c01e6addf67064d05a1543c79c86ff862",
            "sensitive_content": null,
            "source": null
          },
          "sensitive_attributes": [
            [
              {
                "type": "get_attr",
                "value": "content"
              }
            ]
          ],
          "dependencies": [
            "module.ec2_app_module.aws_instance.ec2_instance",
            "module.ec2_app_module.aws_security_group.security_group",
            "module.iam_user_module.aws_iam_access_key.iam_access_key",
            "module.iam_user_module.aws_iam_user.iam_user",
            "module.key_pair_module.aws_key_pair.public_terrform_key",
            "module.key_pair_module.local_file.private_terrform_key",
            "module.key_pair_module.tls_private_key.rsa"
          ]
        }
      ]
    },
    {
      "module": "module.key_pair_module",
      "mode": "managed",
      "type": "aws_key_pair",
      "name": "public_terrform_key",
      "provider": "provider[\"registry.terraform.io/hashicorp/aws\"]",
      "instances": [
        {
          "schema_version": 1,
          "attributes": {
            "arn": "arn:aws:ec2:us-east-1:134695493860:key-pair/public-terrform-key",
            "fingerprint": "6a:78:d5:e6:a4:cc:dc:05:6f:83:cc:6d:e1:9b:6b:b9",
            "id": "public-terrform-key",
            "key_name": "public-terrform-key",
            "key_name_prefix": "",
            "key_pair_id": "key-04ab4d7ba27d76363",
            "key_type": "rsa",
            "public_key": "ssh-rsa AAAAB3NzaC1yc2EAAAADAQABAAACAQDCg7cZeVFYKFrqTsr36N0KWi3XVce4iyuAbeskuwZKmqjhoF25uUh5TLxz3iFDPdOPIINiaS4vFakCdojmfz1NylXbpnDc4V+lkv8i0mChgJ5yc8Kc+DMR3VuTZzlfN5YqeG3eywiel1rtPPrM9Ka8WlcACZAGiPf0D4DTBb/76pONVEsSv3rwmxL/T9uGxFM3T5Nf/Rn12HZi7k+jR0on6gnwmoyx45YD1JWS5E2Z/C7Gnd9i3Fx1Zs25q3f2HpHtOY+z3Th2823BaHFy/uxmOZZ2HV6M87reirwLzMfl89EfH25dQoBPURVtoU61+2CYEwDK8FdWQtWm7PKalBQ13uy9D81N2X4fbL7XHqYnqDGfy8iTpHztpam3XuBxt2RJVCx/XvDHj2eBCz1I4+LWZfwWCMOP1ryALAUG/pI/oebtUQg2G2Ggs4OMjTep1VwBMJf7ngb9+lxEqjVVtYA2GITSG/BtRA0DVpRHR5uHKzVqfyomNUbeWTffpDfobpixfAPc4hvsDJ3pUDrN5mUWxf/9IWKirhpk1E9h9AKAInftGtWJxDCNBPwBs1dZW8hLMJVaYWoZbEnM7TLuSjhCgtChwWguyr03iR/51zRXIDsnuu8+EslBV/rXvTe6p/cJQ7xJFc2HOzisPbs/SHgfL5nFGFIWgzITZBqnL5RPFw==",
            "tags": null,
            "tags_all": {}
          },
          "sensitive_attributes": [],
          "private": "eyJzY2hlbWFfdmVyc2lvbiI6IjEifQ==",
          "dependencies": [
            "module.key_pair_module.tls_private_key.rsa"
          ]
        }
      ]
    },
    {
      "module": "module.key_pair_module",
      "mode": "managed",
      "type": "local_file",
      "name": "private_terrform_key",
      "provider": "provider[\"registry.terraform.io/hashicorp/local\"]",
      "instances": [
        {
          "schema_version": 0,
          "attributes": {
            "content": "-----BEGIN RSA PRIVATE KEY-----\nMIIJKQIBAAKCAgEAwoO3GXlRWCha6k7K9+jdClot11XHuIsrgG3rJLsGSpqo4aBd\nublIeUy8c94hQz3TjyCDYmkuLxWpAnaI5n89TcpV26Zw3OFfpZL/ItJgoYCecnPC\nnPgzEd1bk2c5XzeWKnht3ssInpda7Tz6zPSmvFpXAAmQBoj39A+A0wW/++qTjVRL\nEr968JsS/0/bhsRTN0+TX/0Z9dh2Yu5Po0dKJ+oJ8JqMseOWA9SVkuRNmfwuxp3f\nYtxcdWbNuat39h6R7TmPs904dvNtwWhxcv7sZjmWdh1ejPO63oq8C8zH5fPRHx9u\nXUKAT1EVbaFOtftgmBMAyvBXVkLVpuzympQUNd7svQ/NTdl+H2y+1x6mJ6gxn8vI\nk6R87aWpt17gcbdkSVQsf17wx49ngQs9SOPi1mX8FgjDj9a8gCwFBv6SP6Hm7VEI\nNhthoLODjI03qdVcATCX+54G/fpcRKo1VbWANhiE0hvwbUQNA1aUR0ebhys1an8q\nJjVG3lk336Q36G6YsXwD3OIb7Ayd6VA6zeZlFsX//SFioq4aZNRPYfQCgCJ37RrV\nicQwjQT8AbNXWVvISzCVWmFqGWxJzO0y7ko4QoLQocFoLsq9N4kf+dc0VyA7J7rv\nPhLJQVf61703uqf3CUO8SRXNhzs4rD27P0h4Hy+ZxRhSFoMyE2Qapy+UTxcCAwEA\nAQKCAgEAvRCz51HRbEQFYpvlkyRHvak7x4N8VncHeJTeq1wSWG+N2Yk7sKtUs3qP\n7nupjydIPGVY703W8zM1jMxUct6YYsVZwN898qQpiNGhpmIgRLq0yACW2GYzlZi4\nS0VZMaDhGDToblag8S2i1tef25mte4S/7axdzsxRXmu3RuXe3uj6NLQLKJTv1XCV\n/Y3MjmjDjg6N7A4irqCRKcYDqGxBuxw0PyapvLq+9Mgr/pRkjVjeynVnTTttrzuW\nmXL+bj72jkOV1zkeihhAxW5UX3dDpnUxN2uCnLTHHUpyT3HjlzLvQDYX2xQpjW79\nygqxbBeDoy1NZvRHn/PkoZTMls15+dMWiVJ5Rlumj3M2WhsCLM20LWE0LKO06fl3\n7MNLz2YKl6E2UgK2NlZE4B/PmuE/5yHvwpa4JxsfJaRquSImUc+hXbEtsw+9CWXB\nz3e67GXnuv9gWMWVpPMNTbZkS7pXSSHZRekUMZ690ftNQtLB9Ltu25vjGtZvKZjf\n+4nrivqjgdzRzt2HYmZ3kcFhredk1xphEETPo1JaC0trDxv3Pmq3e1GQ5EK/SiuL\nhVpp2OWNZTSErlv5Ihhn0Dwe8kByznWcZbzEahzKRnKLfEac50zuZB7eZtB4PyNc\nBIdu1qAzCvGHw0qPuZkWum1twdR0eYKYskKhaRezWG+VwwoPaWECggEBAMsmPywB\nidGI6Zv3GHv5wO2IxQUllbgbaQyrOB3y2NcGE+cFdwiD6yV6euhTq+/IKiMFprad\nmIo1vWcx1IHyI+RoD7HuZRg/GJsT0gPe2vReq1LotwskIf2zqEy8XJbjLTSi9cj4\ni7yrBsRXd70nebWN53FN+LO3UVwFrnCiJumn5q0ogCCypguwppB43tDvsta+ld6e\nYdaHjnr1XYc74sTAuAGvWLWo+WqmYs4q9MuAWBLOHT4XWd1HppzqpiygHHNJUhrq\nu+buDYdd/nj4CggA/yXKzeTdgmVgAynH48o23DmZyIrJcnz7WODWzb9OpYYGB/zQ\nUfGTOTOQwmhm0lECggEBAPUeYn5pc3uqsI3KxgdOdIOXI7YNkQDDDg7s7RLlDvoO\nWVKnIlfMe8jO7QAM/uI1nwtiJuiezaGUKQ1tPRnVhaWvAVy+ykyT3lrzSleZ1uSb\nIQXMdaviotpuAYXfjk9egCzG9sUudABbsb7DvI9hmK0q1lkqP2Iqg7vQ+OtALz9J\nBLWQZLH8dRWMGREHCiVdq2haQcMaQSnjgOqCJIPFFP9ETW1+kLBhKVO3wGVfHM+P\nPFWxI9t1H+YIBL2zaKA7gA0pfc4pq3xHrqOkbr0cLe8ILkrPGMWDSp0e7Y8QHrGR\n0Zwyxl0qaVXHOUvkZvtMS0cFE6eL5XIr/btf3egaCOcCggEBALkVfoacXDEwWQ5F\nAOSq9nAzpLT8ujyDlKD7OeRnRdIZ8nYPj5SNg+aggWw8FzEeH+3Kj0pfqQN61LY5\nOxCtSLAncu08cpS1n7hiRXxLRRdRTSv7ZBFdeS6IyXQoRP8fuSb0tZPFhqJ8+2xU\n+H24gnW79LpRPJ6YDSMW9ggeY++LjmoCtUGVIh0Sc5660N5xFHH8L9UkXaUz2ccC\n15SHJiL2Jm86j0rqyVq2ftyxXFgv9Y4khZX1dmVZi135ly6fLWyHx6tIY6uRBXho\nVZlm+tSx+8Q10oKKoeu0nw0o1ct9UgWUq5Zu1MUzxpUKf2elwr6prgtSzOWYqYvm\nfojZ7RECggEAXYmfyl+RSyLixukXUph0y/Z0ETfyGplUlwuAmJJCedfZ7DmNWHXW\n0tVsCXXsGgSeUai98k0PaVZxqAcEpwQdQRGccnj4F+rhklF/EBjLsWclXeIdEV+m\nB7as7BpYYx9LyEqQxsQoTi6vkH1/SjPTIFnVfCcsEtjodlaTdqqCnSLPIj4cvvL4\n9yUEN8Q48fNhwquWps4xCbwgaN0K9CHUFmlJJryCmFwreiAH0mdORkKBoq27Yja6\n2nw62u1IwsSR4/PuZyrtnrp4AUhxXccQHERB7hhDerPUWEsCGnLrU5WyqGmT2t+h\nXLNuwPBDACioHUzpqCkxgLUa2VMHClhNBwKCAQBiBZW1/uWUgLZZKfqPq4Ph8nqt\na/dytooRSeRzyUiKp5bwAaJoFQLG/uuEB0HzdToSpY2+kT3QVnjGEEVxbzynhUjG\n1L0172KH+Gh+50vFyXRS3vqL2px9eFDDPB49P78+3P2kHOgk5XFF12ncDkawfdEP\nXwv1Q5MWcmUbNkxioLGWx6g1PYTOgYKS+SIhYt0l+r1YDeb7NlxlDiPq9h4fmzVT\nztq0ysTpv1jtllVjr+1mXV2UwcliZ3QnIqdcLz5IfVqnEfVcTAX4HIeUPqw3549n\nR2fm6kyc9tgkJ8AL9bzl04i8WcfRWCkVYO6MjQkAtd3hiyp0JA6cTHUx1mBg\n-----END RSA PRIVATE KEY-----\n",
            "content_base64": null,
            "content_base64sha256": "tOoFLEyRvnWGGZlrHrcr5s83Ik036AcdygYcaDb91qc=",
            "content_base64sha512": "U90wEKZGgUWQ3JyUlzxeBw1WeoCGMR9XVFoscWzhx+xUU/zkspybn7tuSodJowFQZ1dceFgey90wNDaFrMzxtA==",
            "content_md5": "e9b5f674083463be1955647a29ca36c5",
            "content_sha1": "4a9cbc58d5886f97a3e567001b368cc7b22677bf",
            "content_sha256": "b4ea052c4c91be758619996b1eb72be6cf37224d37e8071dca061c6836fdd6a7",
            "content_sha512": "53dd3010a646814590dc9c94973c5e070d567a8086311f57545a2c716ce1c7ec5453fce4b29c9b9fbb6e4a8749a3015067575c78581ecbdd30343685acccf1b4",
            "directory_permission": "0777",
            "file_permission": "0777",
            "filename": "../../keys-dev/private-terrform-key",
            "id": "4a9cbc58d5886f97a3e567001b368cc7b22677bf",
            "sensitive_content": null,
            "source": null
          },
          "sensitive_attributes": [
            [
              {
                "type": "get_attr",
                "value": "content"
              }
            ]
          ],
          "dependencies": [
            "module.key_pair_module.tls_private_key.rsa"
          ]
        }
      ]
    },
    {
      "module": "module.key_pair_module",
      "mode": "managed",
      "type": "tls_private_key",
      "name": "rsa",
      "provider": "provider[\"registry.terraform.io/hashicorp/tls\"]",
      "instances": [
        {
          "schema_version": 1,
          "attributes": {
            "algorithm": "RSA",
            "ecdsa_curve": "P224",
            "id": "03ff5e561f86482ff1ce42995cec99aefde0a335",
            "private_key_openssh": "-----BEGIN OPENSSH PRIVATE KEY-----\nb3BlbnNzaC1rZXktdjEAAAAABG5vbmUAAAAEbm9uZQAAAAAAAAABAAACFwAAAAdz\nc2gtcnNhAAAAAwEAAQAAAgEAwoO3GXlRWCha6k7K9+jdClot11XHuIsrgG3rJLsG\nSpqo4aBdublIeUy8c94hQz3TjyCDYmkuLxWpAnaI5n89TcpV26Zw3OFfpZL/ItJg\noYCecnPCnPgzEd1bk2c5XzeWKnht3ssInpda7Tz6zPSmvFpXAAmQBoj39A+A0wW/\n++qTjVRLEr968JsS/0/bhsRTN0+TX/0Z9dh2Yu5Po0dKJ+oJ8JqMseOWA9SVkuRN\nmfwuxp3fYtxcdWbNuat39h6R7TmPs904dvNtwWhxcv7sZjmWdh1ejPO63oq8C8zH\n5fPRHx9uXUKAT1EVbaFOtftgmBMAyvBXVkLVpuzympQUNd7svQ/NTdl+H2y+1x6m\nJ6gxn8vIk6R87aWpt17gcbdkSVQsf17wx49ngQs9SOPi1mX8FgjDj9a8gCwFBv6S\nP6Hm7VEINhthoLODjI03qdVcATCX+54G/fpcRKo1VbWANhiE0hvwbUQNA1aUR0eb\nhys1an8qJjVG3lk336Q36G6YsXwD3OIb7Ayd6VA6zeZlFsX//SFioq4aZNRPYfQC\ngCJ37RrVicQwjQT8AbNXWVvISzCVWmFqGWxJzO0y7ko4QoLQocFoLsq9N4kf+dc0\nVyA7J7rvPhLJQVf61703uqf3CUO8SRXNhzs4rD27P0h4Hy+ZxRhSFoMyE2Qapy+U\nTxcAAAc4fg4Ben4OAXoAAAAHc3NoLXJzYQAAAgEAwoO3GXlRWCha6k7K9+jdClot\n11XHuIsrgG3rJLsGSpqo4aBdublIeUy8c94hQz3TjyCDYmkuLxWpAnaI5n89TcpV\n26Zw3OFfpZL/ItJgoYCecnPCnPgzEd1bk2c5XzeWKnht3ssInpda7Tz6zPSmvFpX\nAAmQBoj39A+A0wW/++qTjVRLEr968JsS/0/bhsRTN0+TX/0Z9dh2Yu5Po0dKJ+oJ\n8JqMseOWA9SVkuRNmfwuxp3fYtxcdWbNuat39h6R7TmPs904dvNtwWhxcv7sZjmW\ndh1ejPO63oq8C8zH5fPRHx9uXUKAT1EVbaFOtftgmBMAyvBXVkLVpuzympQUNd7s\nvQ/NTdl+H2y+1x6mJ6gxn8vIk6R87aWpt17gcbdkSVQsf17wx49ngQs9SOPi1mX8\nFgjDj9a8gCwFBv6SP6Hm7VEINhthoLODjI03qdVcATCX+54G/fpcRKo1VbWANhiE\n0hvwbUQNA1aUR0ebhys1an8qJjVG3lk336Q36G6YsXwD3OIb7Ayd6VA6zeZlFsX/\n/SFioq4aZNRPYfQCgCJ37RrVicQwjQT8AbNXWVvISzCVWmFqGWxJzO0y7ko4QoLQ\nocFoLsq9N4kf+dc0VyA7J7rvPhLJQVf61703uqf3CUO8SRXNhzs4rD27P0h4Hy+Z\nxRhSFoMyE2Qapy+UTxcAAAADAQABAAACAQC9ELPnUdFsRAVim+WTJEe9qTvHg3xW\ndwd4lN6rXBJYb43ZiTuwq1Szeo/ue6mPJ0g8ZVjvTdbzMzWMzFRy3phixVnA3z3y\npCmI0aGmYiBEurTIAJbYZjOVmLhLRVkxoOEYNOhuVqDxLaLW15/bma17hL/trF3O\nzFFea7dG5d7e6Po0tAsolO/VcJX9jcyOaMOODo3sDiKuoJEpxgOobEG7HDQ/Jqm8\nur70yCv+lGSNWN7KdWdNO22vO5aZcv5uPvaOQ5XXOR6KGEDFblRfd0OmdTE3a4Kc\ntMcdSnJPceOXMu9ANhfbFCmNbv3KCrFsF4OjLU1m9Eef8+ShlMyWzXn50xaJUnlG\nW6aPczZaGwIszbQtYTQso7Tp+Xfsw0vPZgqXoTZSArY2VkTgH8+a4T/nIe/Clrgn\nGx8lpGq5IiZRz6FdsS2zD70JZcHPd7rsZee6/2BYxZWk8w1NtmRLuldJIdlF6RQx\nnr3R+01C0sH0u27bm+Ma1m8pmN/7ieuK+qOB3NHO3YdiZneRwWGt52TXGmEQRM+j\nUloLS2sPG/c+ard7UZDkQr9KK4uFWmnY5Y1lNISuW/kiGGfQPB7yQHLOdZxlvMRq\nHMpGcot8RpznTO5kHt5m0Hg/I1wEh27WoDMK8YfDSo+5mRa6bW3B1HR5gpiyQqFp\nF7NYb5XDCg9pYQAAAQBiBZW1/uWUgLZZKfqPq4Ph8nqta/dytooRSeRzyUiKp5bw\nAaJoFQLG/uuEB0HzdToSpY2+kT3QVnjGEEVxbzynhUjG1L0172KH+Gh+50vFyXRS\n3vqL2px9eFDDPB49P78+3P2kHOgk5XFF12ncDkawfdEPXwv1Q5MWcmUbNkxioLGW\nx6g1PYTOgYKS+SIhYt0l+r1YDeb7NlxlDiPq9h4fmzVTztq0ysTpv1jtllVjr+1m\nXV2UwcliZ3QnIqdcLz5IfVqnEfVcTAX4HIeUPqw3549nR2fm6kyc9tgkJ8AL9bzl\n04i8WcfRWCkVYO6MjQkAtd3hiyp0JA6cTHUx1mBgAAABAQDLJj8sAYnRiOmb9xh7\n+cDtiMUFJZW4G2kMqzgd8tjXBhPnBXcIg+slenroU6vvyCojBaa2nZiKNb1nMdSB\n8iPkaA+x7mUYPxibE9ID3tr0XqtS6LcLJCH9s6hMvFyW4y00ovXI+Iu8qwbEV3e9\nJ3m1jedxTfizt1FcBa5woibpp+atKIAgsqYLsKaQeN7Q77LWvpXenmHWh4569V2H\nO+LEwLgBr1i1qPlqpmLOKvTLgFgSzh0+F1ndR6ac6qYsoBxzSVIa6rvm7g2HXf54\n+AoIAP8lys3k3YJlYAMpx+PKNtw5mciKyXJ8+1jg1s2/TqWGBgf80FHxkzkzkMJo\nZtJRAAABAQD1HmJ+aXN7qrCNysYHTnSDlyO2DZEAww4O7O0S5Q76DllSpyJXzHvI\nzu0ADP7iNZ8LYibons2hlCkNbT0Z1YWlrwFcvspMk95a80pXmdbkmyEFzHWr4qLa\nbgGF345PXoAsxvbFLnQAW7G+w7yPYZitKtZZKj9iKoO70PjrQC8/SQS1kGSx/HUV\njBkRBwolXatoWkHDGkEp44DqgiSDxRT/RE1tfpCwYSlTt8BlXxzPjzxVsSPbdR/m\nCAS9s2igO4ANKX3OKat8R66jpG69HC3vCC5KzxjFg0qdHu2PEB6xkdGcMsZdKmlV\nxzlL5Gb7TEtHBROni+VyK/27X93oGgjnAAAAAAEC\n-----END OPENSSH PRIVATE KEY-----\n",
            "private_key_pem": "-----BEGIN RSA PRIVATE KEY-----\nMIIJKQIBAAKCAgEAwoO3GXlRWCha6k7K9+jdClot11XHuIsrgG3rJLsGSpqo4aBd\nublIeUy8c94hQz3TjyCDYmkuLxWpAnaI5n89TcpV26Zw3OFfpZL/ItJgoYCecnPC\nnPgzEd1bk2c5XzeWKnht3ssInpda7Tz6zPSmvFpXAAmQBoj39A+A0wW/++qTjVRL\nEr968JsS/0/bhsRTN0+TX/0Z9dh2Yu5Po0dKJ+oJ8JqMseOWA9SVkuRNmfwuxp3f\nYtxcdWbNuat39h6R7TmPs904dvNtwWhxcv7sZjmWdh1ejPO63oq8C8zH5fPRHx9u\nXUKAT1EVbaFOtftgmBMAyvBXVkLVpuzympQUNd7svQ/NTdl+H2y+1x6mJ6gxn8vI\nk6R87aWpt17gcbdkSVQsf17wx49ngQs9SOPi1mX8FgjDj9a8gCwFBv6SP6Hm7VEI\nNhthoLODjI03qdVcATCX+54G/fpcRKo1VbWANhiE0hvwbUQNA1aUR0ebhys1an8q\nJjVG3lk336Q36G6YsXwD3OIb7Ayd6VA6zeZlFsX//SFioq4aZNRPYfQCgCJ37RrV\nicQwjQT8AbNXWVvISzCVWmFqGWxJzO0y7ko4QoLQocFoLsq9N4kf+dc0VyA7J7rv\nPhLJQVf61703uqf3CUO8SRXNhzs4rD27P0h4Hy+ZxRhSFoMyE2Qapy+UTxcCAwEA\nAQKCAgEAvRCz51HRbEQFYpvlkyRHvak7x4N8VncHeJTeq1wSWG+N2Yk7sKtUs3qP\n7nupjydIPGVY703W8zM1jMxUct6YYsVZwN898qQpiNGhpmIgRLq0yACW2GYzlZi4\nS0VZMaDhGDToblag8S2i1tef25mte4S/7axdzsxRXmu3RuXe3uj6NLQLKJTv1XCV\n/Y3MjmjDjg6N7A4irqCRKcYDqGxBuxw0PyapvLq+9Mgr/pRkjVjeynVnTTttrzuW\nmXL+bj72jkOV1zkeihhAxW5UX3dDpnUxN2uCnLTHHUpyT3HjlzLvQDYX2xQpjW79\nygqxbBeDoy1NZvRHn/PkoZTMls15+dMWiVJ5Rlumj3M2WhsCLM20LWE0LKO06fl3\n7MNLz2YKl6E2UgK2NlZE4B/PmuE/5yHvwpa4JxsfJaRquSImUc+hXbEtsw+9CWXB\nz3e67GXnuv9gWMWVpPMNTbZkS7pXSSHZRekUMZ690ftNQtLB9Ltu25vjGtZvKZjf\n+4nrivqjgdzRzt2HYmZ3kcFhredk1xphEETPo1JaC0trDxv3Pmq3e1GQ5EK/SiuL\nhVpp2OWNZTSErlv5Ihhn0Dwe8kByznWcZbzEahzKRnKLfEac50zuZB7eZtB4PyNc\nBIdu1qAzCvGHw0qPuZkWum1twdR0eYKYskKhaRezWG+VwwoPaWECggEBAMsmPywB\nidGI6Zv3GHv5wO2IxQUllbgbaQyrOB3y2NcGE+cFdwiD6yV6euhTq+/IKiMFprad\nmIo1vWcx1IHyI+RoD7HuZRg/GJsT0gPe2vReq1LotwskIf2zqEy8XJbjLTSi9cj4\ni7yrBsRXd70nebWN53FN+LO3UVwFrnCiJumn5q0ogCCypguwppB43tDvsta+ld6e\nYdaHjnr1XYc74sTAuAGvWLWo+WqmYs4q9MuAWBLOHT4XWd1HppzqpiygHHNJUhrq\nu+buDYdd/nj4CggA/yXKzeTdgmVgAynH48o23DmZyIrJcnz7WODWzb9OpYYGB/zQ\nUfGTOTOQwmhm0lECggEBAPUeYn5pc3uqsI3KxgdOdIOXI7YNkQDDDg7s7RLlDvoO\nWVKnIlfMe8jO7QAM/uI1nwtiJuiezaGUKQ1tPRnVhaWvAVy+ykyT3lrzSleZ1uSb\nIQXMdaviotpuAYXfjk9egCzG9sUudABbsb7DvI9hmK0q1lkqP2Iqg7vQ+OtALz9J\nBLWQZLH8dRWMGREHCiVdq2haQcMaQSnjgOqCJIPFFP9ETW1+kLBhKVO3wGVfHM+P\nPFWxI9t1H+YIBL2zaKA7gA0pfc4pq3xHrqOkbr0cLe8ILkrPGMWDSp0e7Y8QHrGR\n0Zwyxl0qaVXHOUvkZvtMS0cFE6eL5XIr/btf3egaCOcCggEBALkVfoacXDEwWQ5F\nAOSq9nAzpLT8ujyDlKD7OeRnRdIZ8nYPj5SNg+aggWw8FzEeH+3Kj0pfqQN61LY5\nOxCtSLAncu08cpS1n7hiRXxLRRdRTSv7ZBFdeS6IyXQoRP8fuSb0tZPFhqJ8+2xU\n+H24gnW79LpRPJ6YDSMW9ggeY++LjmoCtUGVIh0Sc5660N5xFHH8L9UkXaUz2ccC\n15SHJiL2Jm86j0rqyVq2ftyxXFgv9Y4khZX1dmVZi135ly6fLWyHx6tIY6uRBXho\nVZlm+tSx+8Q10oKKoeu0nw0o1ct9UgWUq5Zu1MUzxpUKf2elwr6prgtSzOWYqYvm\nfojZ7RECggEAXYmfyl+RSyLixukXUph0y/Z0ETfyGplUlwuAmJJCedfZ7DmNWHXW\n0tVsCXXsGgSeUai98k0PaVZxqAcEpwQdQRGccnj4F+rhklF/EBjLsWclXeIdEV+m\nB7as7BpYYx9LyEqQxsQoTi6vkH1/SjPTIFnVfCcsEtjodlaTdqqCnSLPIj4cvvL4\n9yUEN8Q48fNhwquWps4xCbwgaN0K9CHUFmlJJryCmFwreiAH0mdORkKBoq27Yja6\n2nw62u1IwsSR4/PuZyrtnrp4AUhxXccQHERB7hhDerPUWEsCGnLrU5WyqGmT2t+h\nXLNuwPBDACioHUzpqCkxgLUa2VMHClhNBwKCAQBiBZW1/uWUgLZZKfqPq4Ph8nqt\na/dytooRSeRzyUiKp5bwAaJoFQLG/uuEB0HzdToSpY2+kT3QVnjGEEVxbzynhUjG\n1L0172KH+Gh+50vFyXRS3vqL2px9eFDDPB49P78+3P2kHOgk5XFF12ncDkawfdEP\nXwv1Q5MWcmUbNkxioLGWx6g1PYTOgYKS+SIhYt0l+r1YDeb7NlxlDiPq9h4fmzVT\nztq0ysTpv1jtllVjr+1mXV2UwcliZ3QnIqdcLz5IfVqnEfVcTAX4HIeUPqw3549n\nR2fm6kyc9tgkJ8AL9bzl04i8WcfRWCkVYO6MjQkAtd3hiyp0JA6cTHUx1mBg\n-----END RSA PRIVATE KEY-----\n",
            "private_key_pem_pkcs8": "-----BEGIN PRIVATE KEY-----\nMIIJQwIBADANBgkqhkiG9w0BAQEFAASCCS0wggkpAgEAAoICAQDCg7cZeVFYKFrq\nTsr36N0KWi3XVce4iyuAbeskuwZKmqjhoF25uUh5TLxz3iFDPdOPIINiaS4vFakC\ndojmfz1NylXbpnDc4V+lkv8i0mChgJ5yc8Kc+DMR3VuTZzlfN5YqeG3eywiel1rt\nPPrM9Ka8WlcACZAGiPf0D4DTBb/76pONVEsSv3rwmxL/T9uGxFM3T5Nf/Rn12HZi\n7k+jR0on6gnwmoyx45YD1JWS5E2Z/C7Gnd9i3Fx1Zs25q3f2HpHtOY+z3Th2823B\naHFy/uxmOZZ2HV6M87reirwLzMfl89EfH25dQoBPURVtoU61+2CYEwDK8FdWQtWm\n7PKalBQ13uy9D81N2X4fbL7XHqYnqDGfy8iTpHztpam3XuBxt2RJVCx/XvDHj2eB\nCz1I4+LWZfwWCMOP1ryALAUG/pI/oebtUQg2G2Ggs4OMjTep1VwBMJf7ngb9+lxE\nqjVVtYA2GITSG/BtRA0DVpRHR5uHKzVqfyomNUbeWTffpDfobpixfAPc4hvsDJ3p\nUDrN5mUWxf/9IWKirhpk1E9h9AKAInftGtWJxDCNBPwBs1dZW8hLMJVaYWoZbEnM\n7TLuSjhCgtChwWguyr03iR/51zRXIDsnuu8+EslBV/rXvTe6p/cJQ7xJFc2HOzis\nPbs/SHgfL5nFGFIWgzITZBqnL5RPFwIDAQABAoICAQC9ELPnUdFsRAVim+WTJEe9\nqTvHg3xWdwd4lN6rXBJYb43ZiTuwq1Szeo/ue6mPJ0g8ZVjvTdbzMzWMzFRy3phi\nxVnA3z3ypCmI0aGmYiBEurTIAJbYZjOVmLhLRVkxoOEYNOhuVqDxLaLW15/bma17\nhL/trF3OzFFea7dG5d7e6Po0tAsolO/VcJX9jcyOaMOODo3sDiKuoJEpxgOobEG7\nHDQ/Jqm8ur70yCv+lGSNWN7KdWdNO22vO5aZcv5uPvaOQ5XXOR6KGEDFblRfd0Om\ndTE3a4KctMcdSnJPceOXMu9ANhfbFCmNbv3KCrFsF4OjLU1m9Eef8+ShlMyWzXn5\n0xaJUnlGW6aPczZaGwIszbQtYTQso7Tp+Xfsw0vPZgqXoTZSArY2VkTgH8+a4T/n\nIe/ClrgnGx8lpGq5IiZRz6FdsS2zD70JZcHPd7rsZee6/2BYxZWk8w1NtmRLuldJ\nIdlF6RQxnr3R+01C0sH0u27bm+Ma1m8pmN/7ieuK+qOB3NHO3YdiZneRwWGt52TX\nGmEQRM+jUloLS2sPG/c+ard7UZDkQr9KK4uFWmnY5Y1lNISuW/kiGGfQPB7yQHLO\ndZxlvMRqHMpGcot8RpznTO5kHt5m0Hg/I1wEh27WoDMK8YfDSo+5mRa6bW3B1HR5\ngpiyQqFpF7NYb5XDCg9pYQKCAQEAyyY/LAGJ0Yjpm/cYe/nA7YjFBSWVuBtpDKs4\nHfLY1wYT5wV3CIPrJXp66FOr78gqIwWmtp2YijW9ZzHUgfIj5GgPse5lGD8YmxPS\nA97a9F6rUui3CyQh/bOoTLxcluMtNKL1yPiLvKsGxFd3vSd5tY3ncU34s7dRXAWu\ncKIm6afmrSiAILKmC7CmkHje0O+y1r6V3p5h1oeOevVdhzvixMC4Aa9Ytaj5aqZi\nzir0y4BYEs4dPhdZ3UemnOqmLKAcc0lSGuq75u4Nh13+ePgKCAD/JcrN5N2CZWAD\nKcfjyjbcOZnIislyfPtY4NbNv06lhgYH/NBR8ZM5M5DCaGbSUQKCAQEA9R5ifmlz\ne6qwjcrGB050g5cjtg2RAMMODuztEuUO+g5ZUqciV8x7yM7tAAz+4jWfC2Im6J7N\noZQpDW09GdWFpa8BXL7KTJPeWvNKV5nW5JshBcx1q+Ki2m4Bhd+OT16ALMb2xS50\nAFuxvsO8j2GYrSrWWSo/YiqDu9D460AvP0kEtZBksfx1FYwZEQcKJV2raFpBwxpB\nKeOA6oIkg8UU/0RNbX6QsGEpU7fAZV8cz488VbEj23Uf5ggEvbNooDuADSl9zimr\nfEeuo6RuvRwt7wguSs8YxYNKnR7tjxAesZHRnDLGXSppVcc5S+Rm+0xLRwUTp4vl\nciv9u1/d6BoI5wKCAQEAuRV+hpxcMTBZDkUA5Kr2cDOktPy6PIOUoPs55GdF0hny\ndg+PlI2D5qCBbDwXMR4f7cqPSl+pA3rUtjk7EK1IsCdy7TxylLWfuGJFfEtFF1FN\nK/tkEV15LojJdChE/x+5JvS1k8WGonz7bFT4fbiCdbv0ulE8npgNIxb2CB5j74uO\nagK1QZUiHRJznrrQ3nEUcfwv1SRdpTPZxwLXlIcmIvYmbzqPSurJWrZ+3LFcWC/1\njiSFlfV2ZVmLXfmXLp8tbIfHq0hjq5EFeGhVmWb61LH7xDXSgoqh67SfDSjVy31S\nBZSrlm7UxTPGlQp/Z6XCvqmuC1LM5Zipi+Z+iNntEQKCAQBdiZ/KX5FLIuLG6RdS\nmHTL9nQRN/IamVSXC4CYkkJ519nsOY1YddbS1WwJdewaBJ5RqL3yTQ9pVnGoBwSn\nBB1BEZxyePgX6uGSUX8QGMuxZyVd4h0RX6YHtqzsGlhjH0vISpDGxChOLq+QfX9K\nM9MgWdV8JywS2Oh2VpN2qoKdIs8iPhy+8vj3JQQ3xDjx82HCq5amzjEJvCBo3Qr0\nIdQWaUkmvIKYXCt6IAfSZ05GQoGirbtiNrrafDra7UjCxJHj8+5nKu2eungBSHFd\nxxAcREHuGEN6s9RYSwIacutTlbKoaZPa36Fcs27A8EMAKKgdTOmoKTGAtRrZUwcK\nWE0HAoIBAGIFlbX+5ZSAtlkp+o+rg+Hyeq1r93K2ihFJ5HPJSIqnlvABomgVAsb+\n64QHQfN1OhKljb6RPdBWeMYQRXFvPKeFSMbUvTXvYof4aH7nS8XJdFLe+ovanH14\nUMM8Hj0/vz7c/aQc6CTlcUXXadwORrB90Q9fC/VDkxZyZRs2TGKgsZbHqDU9hM6B\ngpL5IiFi3SX6vVgN5vs2XGUOI+r2Hh+bNVPO2rTKxOm/WO2WVWOv7WZdXZTByWJn\ndCcip1wvPkh9WqcR9VxMBfgch5Q+rDfnj2dHZ+bqTJz22CQnwAv1vOXTiLxZx9FY\nKRVg7oyNCQC13eGLKnQkDpxMdTHWYGA=\n-----END PRIVATE KEY-----\n",
            "public_key_fingerprint_md5": "60:07:2f:a8:1a:31:b1:0f:c1:bc:a5:49:ae:0b:6d:68",
            "public_key_fingerprint_sha256": "SHA256:RVO70rRmuLCIBqjmb1GX3Tw+CuDVi7YmWq6zcEXFNhQ",
            "public_key_openssh": "ssh-rsa AAAAB3NzaC1yc2EAAAADAQABAAACAQDCg7cZeVFYKFrqTsr36N0KWi3XVce4iyuAbeskuwZKmqjhoF25uUh5TLxz3iFDPdOPIINiaS4vFakCdojmfz1NylXbpnDc4V+lkv8i0mChgJ5yc8Kc+DMR3VuTZzlfN5YqeG3eywiel1rtPPrM9Ka8WlcACZAGiPf0D4DTBb/76pONVEsSv3rwmxL/T9uGxFM3T5Nf/Rn12HZi7k+jR0on6gnwmoyx45YD1JWS5E2Z/C7Gnd9i3Fx1Zs25q3f2HpHtOY+z3Th2823BaHFy/uxmOZZ2HV6M87reirwLzMfl89EfH25dQoBPURVtoU61+2CYEwDK8FdWQtWm7PKalBQ13uy9D81N2X4fbL7XHqYnqDGfy8iTpHztpam3XuBxt2RJVCx/XvDHj2eBCz1I4+LWZfwWCMOP1ryALAUG/pI/oebtUQg2G2Ggs4OMjTep1VwBMJf7ngb9+lxEqjVVtYA2GITSG/BtRA0DVpRHR5uHKzVqfyomNUbeWTffpDfobpixfAPc4hvsDJ3pUDrN5mUWxf/9IWKirhpk1E9h9AKAInftGtWJxDCNBPwBs1dZW8hLMJVaYWoZbEnM7TLuSjhCgtChwWguyr03iR/51zRXIDsnuu8+EslBV/rXvTe6p/cJQ7xJFc2HOzisPbs/SHgfL5nFGFIWgzITZBqnL5RPFw==\n",
            "public_key_pem": "-----BEGIN PUBLIC KEY-----\nMIICIjANBgkqhkiG9w0BAQEFAAOCAg8AMIICCgKCAgEAwoO3GXlRWCha6k7K9+jd\nClot11XHuIsrgG3rJLsGSpqo4aBdublIeUy8c94hQz3TjyCDYmkuLxWpAnaI5n89\nTcpV26Zw3OFfpZL/ItJgoYCecnPCnPgzEd1bk2c5XzeWKnht3ssInpda7Tz6zPSm\nvFpXAAmQBoj39A+A0wW/++qTjVRLEr968JsS/0/bhsRTN0+TX/0Z9dh2Yu5Po0dK\nJ+oJ8JqMseOWA9SVkuRNmfwuxp3fYtxcdWbNuat39h6R7TmPs904dvNtwWhxcv7s\nZjmWdh1ejPO63oq8C8zH5fPRHx9uXUKAT1EVbaFOtftgmBMAyvBXVkLVpuzympQU\nNd7svQ/NTdl+H2y+1x6mJ6gxn8vIk6R87aWpt17gcbdkSVQsf17wx49ngQs9SOPi\n1mX8FgjDj9a8gCwFBv6SP6Hm7VEINhthoLODjI03qdVcATCX+54G/fpcRKo1VbWA\nNhiE0hvwbUQNA1aUR0ebhys1an8qJjVG3lk336Q36G6YsXwD3OIb7Ayd6VA6zeZl\nFsX//SFioq4aZNRPYfQCgCJ37RrVicQwjQT8AbNXWVvISzCVWmFqGWxJzO0y7ko4\nQoLQocFoLsq9N4kf+dc0VyA7J7rvPhLJQVf61703uqf3CUO8SRXNhzs4rD27P0h4\nHy+ZxRhSFoMyE2Qapy+UTxcCAwEAAQ==\n-----END PUBLIC KEY-----\n",
            "rsa_bits": 4096
          },
          "sensitive_attributes": []
        }
      ]
    },
    {
      "module": "module.route53_module",
      "mode": "data",
      "type": "aws_eip",
      "name": "elastic_ip_address_data",
      "provider": "provider[\"registry.terraform.io/hashicorp/aws\"]",
      "instances": [
        {
          "schema_version": 0,
          "attributes": {
            "association_id": "eipassoc-0f4125b5234f58361",
            "carrier_ip": "",
            "customer_owned_ip": "",
            "customer_owned_ipv4_pool": "",
            "domain": "vpc",
            "filter": null,
            "id": "eipalloc-0d70ca54a6d72c68b",
            "instance_id": "i-094f4f929d6c9be34",
            "network_interface_id": "eni-055faa4f11b1dcee1",
            "network_interface_owner_id": "134695493860",
            "private_dns": "ip-172-31-85-66.ec2.internal",
            "private_ip": "172.31.85.66",
            "public_dns": "ec2-54-236-229-75.compute-1.amazonaws.com",
            "public_ip": "54.236.229.75",
            "public_ipv4_pool": "amazon",
            "tags": {},
            "timeouts": null
          },
          "sensitive_attributes": []
        }
      ]
    },
    {
      "module": "module.route53_module",
      "mode": "data",
      "type": "aws_route53_zone",
      "name": "hosted_zones",
      "provider": "provider[\"registry.terraform.io/hashicorp/aws\"]",
      "instances": [
        {
          "schema_version": 0,
          "attributes": {
            "arn": "arn:aws:route53:::hostedzone/Z05427651TVRYG3AGR9CN",
            "caller_reference": "RISWorkflow-RD:9c3763a7-117e-4fd9-8c40-4631f46ad0e9",
            "comment": "HostedZone created by Route53 Registrar",
            "id": "Z05427651TVRYG3AGR9CN",
            "linked_service_description": null,
            "linked_service_principal": null,
            "name": "lioraronov.com",
            "name_servers": [
              "ns-995.awsdns-60.net",
              "ns-307.awsdns-38.com",
              "ns-2010.awsdns-59.co.uk",
              "ns-1261.awsdns-29.org"
            ],
            "primary_name_server": "ns-995.awsdns-60.net",
            "private_zone": false,
            "resource_record_set_count": 2,
            "tags": {},
            "vpc_id": null,
            "zone_id": "Z05427651TVRYG3AGR9CN"
          },
          "sensitive_attributes": []
        }
      ]
    },
    {
      "module": "module.route53_module",
      "mode": "managed",
      "type": "aws_route53_record",
      "name": "routing_to_domain",
      "provider": "provider[\"registry.terraform.io/hashicorp/aws\"]",
      "instances": [
        {
          "schema_version": 2,
          "attributes": {
            "alias": [],
            "allow_overwrite": null,
            "cidr_routing_policy": [],
            "failover_routing_policy": [],
            "fqdn": "flask.lioraronov.com",
            "geolocation_routing_policy": [],
            "health_check_id": "",
            "id": "Z05427651TVRYG3AGR9CN_flask.lioraronov.com_A",
            "latency_routing_policy": [],
            "multivalue_answer_routing_policy": false,
            "name": "flask.lioraronov.com",
            "records": [
              "54.236.229.75"
            ],
            "set_identifier": "",
            "ttl": 300,
            "type": "A",
            "weighted_routing_policy": [],
            "zone_id": "Z05427651TVRYG3AGR9CN"
          },
          "sensitive_attributes": [],
          "private": "eyJzY2hlbWFfdmVyc2lvbiI6IjIifQ==",
          "dependencies": [
            "module.ec2_app_module.aws_instance.ec2_instance",
            "module.ec2_app_module.aws_security_group.security_group",
            "module.ec2_jenkins_module.aws_instance.ec2_instance",
            "module.ec2_jenkins_module.aws_security_group.security_group",
            "module.elastic_ip_module.aws_eip.elastic_ip",
            "module.elastic_ip_module.aws_eip_association.apply_elastic_ip",
            "module.key_pair_module.aws_key_pair.public_terrform_key",
            "module.key_pair_module.local_file.private_terrform_key",
            "module.key_pair_module.tls_private_key.rsa",
            "module.route53_module.data.aws_eip.elastic_ip_address_data",
            "module.route53_module.data.aws_route53_zone.hosted_zones"
          ]
        }
      ]
    },
    {
      "module": "module.tf-state_module",
      "mode": "managed",
      "type": "aws_dynamodb_table",
      "name": "db_state",
      "provider": "provider[\"registry.terraform.io/hashicorp/aws\"]",
      "instances": [
        {
          "schema_version": 1,
          "attributes": {
            "arn": "arn:aws:dynamodb:us-east-1:134695493860:table/locking-state-flask-crypto-app",
            "attribute": [
              {
                "name": "LockID",
                "type": "S"
              }
            ],
            "billing_mode": "PAY_PER_REQUEST",
            "deletion_protection_enabled": false,
            "global_secondary_index": [],
            "hash_key": "LockID",
            "id": "locking-state-flask-crypto-app",
            "local_secondary_index": [],
            "name": "locking-state-flask-crypto-app",
            "point_in_time_recovery": [
              {
                "enabled": false
              }
            ],
            "range_key": null,
            "read_capacity": 0,
            "replica": [],
            "restore_date_time": null,
            "restore_source_name": null,
            "restore_to_latest_time": null,
            "server_side_encryption": [],
            "stream_arn": "",
            "stream_enabled": false,
            "stream_label": "",
            "stream_view_type": "",
            "table_class": "STANDARD",
            "tags": null,
            "tags_all": {},
            "timeouts": null,
            "ttl": [
              {
                "attribute_name": "",
                "enabled": false
              }
            ],
            "write_capacity": 0
          },
          "sensitive_attributes": [],
          "private": "eyJlMmJmYjczMC1lY2FhLTExZTYtOGY4OC0zNDM2M2JjN2M0YzAiOnsiY3JlYXRlIjoxODAwMDAwMDAwMDAwLCJkZWxldGUiOjYwMDAwMDAwMDAwMCwidXBkYXRlIjozNjAwMDAwMDAwMDAwfSwic2NoZW1hX3ZlcnNpb24iOiIxIn0="
        }
      ]
    },
    {
      "module": "module.tf-state_module",
      "mode": "managed",
      "type": "aws_s3_bucket",
      "name": "s3_state",
      "provider": "provider[\"registry.terraform.io/hashicorp/aws\"]",
      "instances": [
        {
          "schema_version": 0,
          "attributes": {
            "acceleration_status": "",
            "acl": null,
            "arn": "arn:aws:s3:::remote-state-flask-crypto-app",
            "bucket": "remote-state-flask-crypto-app",
            "bucket_domain_name": "remote-state-flask-crypto-app.s3.amazonaws.com",
            "bucket_prefix": "",
            "bucket_regional_domain_name": "remote-state-flask-crypto-app.s3.us-east-1.amazonaws.com",
            "cors_rule": [],
            "force_destroy": false,
            "grant": [
              {
                "id": "4d1a9bb6edc74017518f5cf01ffa751a76d86b5f6eabb784b2a59f8beb14ee55",
                "permissions": [
                  "FULL_CONTROL"
                ],
                "type": "CanonicalUser",
                "uri": ""
              }
            ],
            "hosted_zone_id": "Z3AQBSTGFYJSTF",
            "id": "remote-state-flask-crypto-app",
            "lifecycle_rule": [],
            "logging": [],
            "object_lock_configuration": [],
            "object_lock_enabled": false,
            "policy": "",
            "region": "us-east-1",
            "replication_configuration": [],
            "request_payer": "BucketOwner",
            "server_side_encryption_configuration": [
              {
                "rule": [
                  {
                    "apply_server_side_encryption_by_default": [
                      {
                        "kms_master_key_id": "",
                        "sse_algorithm": "AES256"
                      }
                    ],
                    "bucket_key_enabled": false
                  }
                ]
              }
            ],
            "tags": null,
            "tags_all": {},
            "timeouts": null,
            "versioning": [
              {
                "enabled": false,
                "mfa_delete": false
              }
            ],
            "website": [],
            "website_domain": null,
            "website_endpoint": null
          },
          "sensitive_attributes": [],
          "private": "eyJlMmJmYjczMC1lY2FhLTExZTYtOGY4OC0zNDM2M2JjN2M0YzAiOnsiY3JlYXRlIjoxMjAwMDAwMDAwMDAwLCJkZWxldGUiOjM2MDAwMDAwMDAwMDAsInJlYWQiOjEyMDAwMDAwMDAwMDAsInVwZGF0ZSI6MTIwMDAwMDAwMDAwMH19"
        }
      ]
    },
    {
      "module": "module.tf-state_module",
      "mode": "managed",
      "type": "aws_s3_bucket_versioning",
      "name": "s3_versioning",
      "provider": "provider[\"registry.terraform.io/hashicorp/aws\"]",
      "instances": [
        {
          "schema_version": 0,
          "attributes": {
            "bucket": "remote-state-flask-crypto-app",
            "expected_bucket_owner": "",
            "id": "remote-state-flask-crypto-app",
            "mfa": null,
            "versioning_configuration": [
              {
                "mfa_delete": "",
                "status": "Enabled"
              }
            ]
          },
          "sensitive_attributes": [],
          "private": "bnVsbA==",
          "dependencies": [
            "module.tf-state_module.aws_s3_bucket.s3_state"
          ]
        }
      ]
    }
  ],
  "check_results": null
}
