{
  "version": 4,
  "terraform_version": "1.4.2",
  "serial": 98,
  "lineage": "e59d993e-4962-bce3-cc73-a68ab8df756c",
  "outputs": {},
  "resources": [
    {
      "module": "module.ec2_app_module",
      "mode": "managed",
      "type": "aws_instance",
      "name": "ec2_instance",
      "provider": "provider[\"registry.terraform.io/hashicorp/aws\"]",
      "instances": [
        {
          "schema_version": 1,
          "attributes": {
            "ami": "ami-053b0d53c279acc90",
            "arn": "arn:aws:ec2:us-east-1:134695493860:instance/i-0c8ef9fb856c8d98c",
            "associate_public_ip_address": true,
            "availability_zone": "us-east-1c",
            "capacity_reservation_specification": [
              {
                "capacity_reservation_preference": "open",
                "capacity_reservation_target": []
              }
            ],
            "cpu_core_count": 1,
            "cpu_options": [
              {
                "amd_sev_snp": "",
                "core_count": 1,
                "threads_per_core": 1
              }
            ],
            "cpu_threads_per_core": 1,
            "credit_specification": [
              {
                "cpu_credits": "standard"
              }
            ],
            "disable_api_stop": false,
            "disable_api_termination": false,
            "ebs_block_device": [],
            "ebs_optimized": false,
            "enclave_options": [
              {
                "enabled": false
              }
            ],
            "ephemeral_block_device": [],
            "get_password_data": false,
            "hibernation": false,
            "host_id": "",
            "host_resource_group_arn": null,
            "iam_instance_profile": "",
            "id": "i-0c8ef9fb856c8d98c",
            "instance_initiated_shutdown_behavior": "stop",
            "instance_state": "running",
            "instance_type": "t2.micro",
            "ipv6_address_count": 0,
            "ipv6_addresses": [],
            "key_name": "public-terrform-key",
            "launch_template": [],
            "maintenance_options": [
              {
                "auto_recovery": "default"
              }
            ],
            "metadata_options": [
              {
                "http_endpoint": "enabled",
                "http_put_response_hop_limit": 1,
                "http_tokens": "optional",
                "instance_metadata_tags": "disabled"
              }
            ],
            "monitoring": false,
            "network_interface": [],
            "outpost_arn": "",
            "password_data": "",
            "placement_group": "",
            "placement_partition_number": 0,
            "primary_network_interface_id": "eni-0a80c38990390cb8f",
            "private_dns": "ip-172-31-31-102.ec2.internal",
            "private_dns_name_options": [
              {
                "enable_resource_name_dns_a_record": false,
                "enable_resource_name_dns_aaaa_record": false,
                "hostname_type": "ip-name"
              }
            ],
            "private_ip": "172.31.31.102",
            "public_dns": "ec2-174-129-55-165.compute-1.amazonaws.com",
            "public_ip": "174.129.55.165",
            "root_block_device": [
              {
                "delete_on_termination": true,
                "device_name": "/dev/sda1",
                "encrypted": false,
                "iops": 100,
                "kms_key_id": "",
                "tags": {},
                "throughput": 0,
                "volume_id": "vol-09987b809f897100d",
                "volume_size": 8,
                "volume_type": "gp2"
              }
            ],
            "secondary_private_ips": [],
            "security_groups": [
              "app-security-group"
            ],
            "source_dest_check": true,
            "subnet_id": "subnet-0c34bafd1f310b874",
            "tags": {
              "Name": "app-instance"
            },
            "tags_all": {
              "Name": "app-instance"
            },
            "tenancy": "default",
            "timeouts": null,
            "user_data": "dc7c897c5e982ba9bf142f9645e2575d2a4fc061",
            "user_data_base64": null,
            "user_data_replace_on_change": false,
            "volume_tags": null,
            "vpc_security_group_ids": [
              "sg-08f3e450193637298"
            ]
          },
          "sensitive_attributes": [],
          "private": "eyJlMmJmYjczMC1lY2FhLTExZTYtOGY4OC0zNDM2M2JjN2M0YzAiOnsiY3JlYXRlIjo2MDAwMDAwMDAwMDAsImRlbGV0ZSI6MTIwMDAwMDAwMDAwMCwidXBkYXRlIjo2MDAwMDAwMDAwMDB9LCJzY2hlbWFfdmVyc2lvbiI6IjEifQ==",
          "dependencies": [
            "module.ec2_app_module.aws_security_group.security_group",
            "module.key_pair_module.aws_key_pair.public_terrform_key",
            "module.key_pair_module.local_file.private_terrform_key",
            "module.key_pair_module.tls_private_key.rsa"
          ]
        }
      ]
    },
    {
      "module": "module.ec2_app_module",
      "mode": "managed",
      "type": "aws_security_group",
      "name": "security_group",
      "provider": "provider[\"registry.terraform.io/hashicorp/aws\"]",
      "instances": [
        {
          "schema_version": 1,
          "attributes": {
            "arn": "arn:aws:ec2:us-east-1:134695493860:security-group/sg-08f3e450193637298",
            "description": "Security Group - Ec2 Instance.",
            "egress": [
              {
                "cidr_blocks": [
                  "0.0.0.0/0"
                ],
                "description": "",
                "from_port": 0,
                "ipv6_cidr_blocks": [],
                "prefix_list_ids": [],
                "protocol": "-1",
                "security_groups": [],
                "self": false,
                "to_port": 0
              }
            ],
            "id": "sg-08f3e450193637298",
            "ingress": [
              {
                "cidr_blocks": [
                  "0.0.0.0/0"
                ],
                "description": "",
                "from_port": 22,
                "ipv6_cidr_blocks": [],
                "prefix_list_ids": [],
                "protocol": "tcp",
                "security_groups": [],
                "self": false,
                "to_port": 22
              },
              {
                "cidr_blocks": [
                  "0.0.0.0/0"
                ],
                "description": "",
                "from_port": 433,
                "ipv6_cidr_blocks": [],
                "prefix_list_ids": [],
                "protocol": "tcp",
                "security_groups": [],
                "self": false,
                "to_port": 433
              },
              {
                "cidr_blocks": [
                  "0.0.0.0/0"
                ],
                "description": "",
                "from_port": 5000,
                "ipv6_cidr_blocks": [],
                "prefix_list_ids": [],
                "protocol": "tcp",
                "security_groups": [],
                "self": false,
                "to_port": 5000
              },
              {
                "cidr_blocks": [
                  "0.0.0.0/0"
                ],
                "description": "",
                "from_port": 8080,
                "ipv6_cidr_blocks": [],
                "prefix_list_ids": [],
                "protocol": "tcp",
                "security_groups": [],
                "self": false,
                "to_port": 8080
              },
              {
                "cidr_blocks": [
                  "0.0.0.0/0"
                ],
                "description": "",
                "from_port": 80,
                "ipv6_cidr_blocks": [],
                "prefix_list_ids": [],
                "protocol": "tcp",
                "security_groups": [],
                "self": false,
                "to_port": 80
              }
            ],
            "name": "app-security-group",
            "name_prefix": "",
            "owner_id": "134695493860",
            "revoke_rules_on_delete": false,
            "tags": {
              "Name": "app-security-group"
            },
            "tags_all": {
              "Name": "app-security-group"
            },
            "timeouts": null,
            "vpc_id": "vpc-029b30bb5ac766477"
          },
          "sensitive_attributes": [],
          "private": "eyJlMmJmYjczMC1lY2FhLTExZTYtOGY4OC0zNDM2M2JjN2M0YzAiOnsiY3JlYXRlIjo2MDAwMDAwMDAwMDAsImRlbGV0ZSI6OTAwMDAwMDAwMDAwfSwic2NoZW1hX3ZlcnNpb24iOiIxIn0=",
          "dependencies": [
            "module.key_pair_module.aws_key_pair.public_terrform_key",
            "module.key_pair_module.local_file.private_terrform_key",
            "module.key_pair_module.tls_private_key.rsa"
          ]
        }
      ]
    },
    {
      "module": "module.ec2_jenkins_module",
      "mode": "managed",
      "type": "aws_instance",
      "name": "ec2_instance",
      "provider": "provider[\"registry.terraform.io/hashicorp/aws\"]",
      "instances": [
        {
          "schema_version": 1,
          "attributes": {
            "ami": "ami-053b0d53c279acc90",
            "arn": "arn:aws:ec2:us-east-1:134695493860:instance/i-0f65116aa1c58594f",
            "associate_public_ip_address": true,
            "availability_zone": "us-east-1c",
            "capacity_reservation_specification": [
              {
                "capacity_reservation_preference": "open",
                "capacity_reservation_target": []
              }
            ],
            "cpu_core_count": 1,
            "cpu_options": [
              {
                "amd_sev_snp": "",
                "core_count": 1,
                "threads_per_core": 1
              }
            ],
            "cpu_threads_per_core": 1,
            "credit_specification": [
              {
                "cpu_credits": "standard"
              }
            ],
            "disable_api_stop": false,
            "disable_api_termination": false,
            "ebs_block_device": [],
            "ebs_optimized": false,
            "enclave_options": [
              {
                "enabled": false
              }
            ],
            "ephemeral_block_device": [],
            "get_password_data": false,
            "hibernation": false,
            "host_id": "",
            "host_resource_group_arn": null,
            "iam_instance_profile": "",
            "id": "i-0f65116aa1c58594f",
            "instance_initiated_shutdown_behavior": "stop",
            "instance_state": "running",
            "instance_type": "t2.micro",
            "ipv6_address_count": 0,
            "ipv6_addresses": [],
            "key_name": "public-terrform-key",
            "launch_template": [],
            "maintenance_options": [
              {
                "auto_recovery": "default"
              }
            ],
            "metadata_options": [
              {
                "http_endpoint": "enabled",
                "http_put_response_hop_limit": 1,
                "http_tokens": "optional",
                "instance_metadata_tags": "disabled"
              }
            ],
            "monitoring": false,
            "network_interface": [],
            "outpost_arn": "",
            "password_data": "",
            "placement_group": "",
            "placement_partition_number": 0,
            "primary_network_interface_id": "eni-00c9dd1b61bf96261",
            "private_dns": "ip-172-31-19-185.ec2.internal",
            "private_dns_name_options": [
              {
                "enable_resource_name_dns_a_record": false,
                "enable_resource_name_dns_aaaa_record": false,
                "hostname_type": "ip-name"
              }
            ],
            "private_ip": "172.31.19.185",
            "public_dns": "ec2-54-221-156-227.compute-1.amazonaws.com",
            "public_ip": "54.221.156.227",
            "root_block_device": [
              {
                "delete_on_termination": true,
                "device_name": "/dev/sda1",
                "encrypted": false,
                "iops": 100,
                "kms_key_id": "",
                "tags": {},
                "throughput": 0,
                "volume_id": "vol-0aa424f020120dede",
                "volume_size": 8,
                "volume_type": "gp2"
              }
            ],
            "secondary_private_ips": [],
            "security_groups": [
              "security-group"
            ],
            "source_dest_check": true,
            "subnet_id": "subnet-0c34bafd1f310b874",
            "tags": {
              "Name": "jenkins-instance"
            },
            "tags_all": {
              "Name": "jenkins-instance"
            },
            "tenancy": "default",
            "timeouts": null,
            "user_data": "",
            "user_data_base64": null,
            "user_data_replace_on_change": false,
            "volume_tags": null,
            "vpc_security_group_ids": [
              "sg-06cfef86e9f4518f9"
            ]
          },
          "sensitive_attributes": [],
          "private": "eyJlMmJmYjczMC1lY2FhLTExZTYtOGY4OC0zNDM2M2JjN2M0YzAiOnsiY3JlYXRlIjo2MDAwMDAwMDAwMDAsImRlbGV0ZSI6MTIwMDAwMDAwMDAwMCwidXBkYXRlIjo2MDAwMDAwMDAwMDB9LCJzY2hlbWFfdmVyc2lvbiI6IjEifQ==",
          "dependencies": [
            "module.ec2_jenkins_module.aws_security_group.security_group",
            "module.key_pair_module.aws_key_pair.public_terrform_key",
            "module.key_pair_module.local_file.private_terrform_key",
            "module.key_pair_module.tls_private_key.rsa"
          ]
        }
      ]
    },
    {
      "module": "module.ec2_jenkins_module",
      "mode": "managed",
      "type": "aws_security_group",
      "name": "security_group",
      "provider": "provider[\"registry.terraform.io/hashicorp/aws\"]",
      "instances": [
        {
          "schema_version": 1,
          "attributes": {
            "arn": "arn:aws:ec2:us-east-1:134695493860:security-group/sg-06cfef86e9f4518f9",
            "description": "Security Group - Ec2 Instance.",
            "egress": [
              {
                "cidr_blocks": [
                  "0.0.0.0/0"
                ],
                "description": "",
                "from_port": 0,
                "ipv6_cidr_blocks": [],
                "prefix_list_ids": [],
                "protocol": "-1",
                "security_groups": [],
                "self": false,
                "to_port": 0
              }
            ],
            "id": "sg-06cfef86e9f4518f9",
            "ingress": [
              {
                "cidr_blocks": [
                  "0.0.0.0/0"
                ],
                "description": "",
                "from_port": 22,
                "ipv6_cidr_blocks": [],
                "prefix_list_ids": [],
                "protocol": "tcp",
                "security_groups": [],
                "self": false,
                "to_port": 22
              },
              {
                "cidr_blocks": [
                  "0.0.0.0/0"
                ],
                "description": "",
                "from_port": 433,
                "ipv6_cidr_blocks": [],
                "prefix_list_ids": [],
                "protocol": "tcp",
                "security_groups": [],
                "self": false,
                "to_port": 433
              },
              {
                "cidr_blocks": [
                  "0.0.0.0/0"
                ],
                "description": "",
                "from_port": 5000,
                "ipv6_cidr_blocks": [],
                "prefix_list_ids": [],
                "protocol": "tcp",
                "security_groups": [],
                "self": false,
                "to_port": 5000
              },
              {
                "cidr_blocks": [
                  "0.0.0.0/0"
                ],
                "description": "",
                "from_port": 8080,
                "ipv6_cidr_blocks": [],
                "prefix_list_ids": [],
                "protocol": "tcp",
                "security_groups": [],
                "self": false,
                "to_port": 8080
              },
              {
                "cidr_blocks": [
                  "0.0.0.0/0"
                ],
                "description": "",
                "from_port": 80,
                "ipv6_cidr_blocks": [],
                "prefix_list_ids": [],
                "protocol": "tcp",
                "security_groups": [],
                "self": false,
                "to_port": 80
              }
            ],
            "name": "security-group",
            "name_prefix": "",
            "owner_id": "134695493860",
            "revoke_rules_on_delete": false,
            "tags": {
              "Name": "security-group"
            },
            "tags_all": {
              "Name": "security-group"
            },
            "timeouts": null,
            "vpc_id": "vpc-029b30bb5ac766477"
          },
          "sensitive_attributes": [],
          "private": "eyJlMmJmYjczMC1lY2FhLTExZTYtOGY4OC0zNDM2M2JjN2M0YzAiOnsiY3JlYXRlIjo2MDAwMDAwMDAwMDAsImRlbGV0ZSI6OTAwMDAwMDAwMDAwfSwic2NoZW1hX3ZlcnNpb24iOiIxIn0=",
          "dependencies": [
            "module.key_pair_module.aws_key_pair.public_terrform_key",
            "module.key_pair_module.local_file.private_terrform_key",
            "module.key_pair_module.tls_private_key.rsa"
          ]
        }
      ]
    },
    {
      "module": "module.elastic_ip_module",
      "mode": "managed",
      "type": "aws_eip",
      "name": "elastic_ip",
      "provider": "provider[\"registry.terraform.io/hashicorp/aws\"]",
      "instances": [
        {
          "schema_version": 0,
          "attributes": {
            "address": null,
            "allocation_id": "eipalloc-0ddbc78801ceffa17",
            "associate_with_private_ip": null,
            "association_id": "",
            "carrier_ip": "",
            "customer_owned_ip": "",
            "customer_owned_ipv4_pool": "",
            "domain": "vpc",
            "id": "eipalloc-0ddbc78801ceffa17",
            "instance": "",
            "network_border_group": "us-east-1",
            "network_interface": "",
            "private_dns": null,
            "private_ip": "",
            "public_dns": "ec2-3-214-124-99.compute-1.amazonaws.com",
            "public_ip": "3.214.124.99",
            "public_ipv4_pool": "amazon",
            "tags": null,
            "tags_all": {},
            "timeouts": null,
            "vpc": true
          },
          "sensitive_attributes": [],
          "private": "eyJlMmJmYjczMC1lY2FhLTExZTYtOGY4OC0zNDM2M2JjN2M0YzAiOnsiZGVsZXRlIjoxODAwMDAwMDAwMDAsInJlYWQiOjkwMDAwMDAwMDAwMCwidXBkYXRlIjozMDAwMDAwMDAwMDB9fQ==",
          "dependencies": [
            "module.ec2_jenkins_module.aws_instance.ec2_instance",
            "module.ec2_jenkins_module.aws_security_group.security_group",
            "module.key_pair_module.aws_key_pair.public_terrform_key",
            "module.key_pair_module.local_file.private_terrform_key",
            "module.key_pair_module.tls_private_key.rsa"
          ]
        }
      ]
    },
    {
      "module": "module.elastic_ip_module",
      "mode": "managed",
      "type": "aws_eip_association",
      "name": "apply_elastic_ip",
      "provider": "provider[\"registry.terraform.io/hashicorp/aws\"]",
      "instances": [
        {
          "schema_version": 0,
          "attributes": {
            "allocation_id": "eipalloc-0ddbc78801ceffa17",
            "allow_reassociation": null,
            "id": "eipassoc-0a36f4686283d7478",
            "instance_id": "i-0c8ef9fb856c8d98c",
            "network_interface_id": "eni-0a80c38990390cb8f",
            "private_ip_address": "172.31.31.102",
            "public_ip": "3.214.124.99"
          },
          "sensitive_attributes": [],
          "private": "bnVsbA==",
          "dependencies": [
            "module.ec2_app_module.aws_instance.ec2_instance",
            "module.ec2_app_module.aws_security_group.security_group",
            "module.ec2_jenkins_module.aws_instance.ec2_instance",
            "module.ec2_jenkins_module.aws_security_group.security_group",
            "module.elastic_ip_module.aws_eip.elastic_ip",
            "module.key_pair_module.aws_key_pair.public_terrform_key",
            "module.key_pair_module.local_file.private_terrform_key",
            "module.key_pair_module.tls_private_key.rsa"
          ]
        }
      ]
    },
    {
      "module": "module.iam_user_module",
      "mode": "managed",
      "type": "aws_iam_access_key",
      "name": "iam_access_key",
      "provider": "provider[\"registry.terraform.io/hashicorp/aws\"]",
      "instances": [
        {
          "schema_version": 0,
          "attributes": {
            "create_date": "2023-06-04T14:37:56Z",
            "encrypted_secret": null,
            "encrypted_ses_smtp_password_v4": null,
            "id": "AKIAR6XD2EDSGMBCILVG",
            "key_fingerprint": null,
            "pgp_key": null,
            "secret": "a3arao7St98f1EpdNGWC3NfEeuVnW3KFvnsVTgMU",
            "ses_smtp_password_v4": "BBnC6Jbj0sQOnxo05/zX/NQpFYt/wgDMvOpW0/OWt8XU",
            "status": "Active",
            "user": "jenkins-user"
          },
          "sensitive_attributes": [],
          "private": "bnVsbA==",
          "dependencies": [
            "module.ec2_app_module.aws_instance.ec2_instance",
            "module.ec2_app_module.aws_security_group.security_group",
            "module.iam_user_module.aws_iam_user.iam_user",
            "module.key_pair_module.aws_key_pair.public_terrform_key",
            "module.key_pair_module.local_file.private_terrform_key",
            "module.key_pair_module.tls_private_key.rsa"
          ]
        }
      ]
    },
    {
      "module": "module.iam_user_module",
      "mode": "managed",
      "type": "aws_iam_user",
      "name": "iam_user",
      "provider": "provider[\"registry.terraform.io/hashicorp/aws\"]",
      "instances": [
        {
          "schema_version": 0,
          "attributes": {
            "arn": "arn:aws:iam::134695493860:user/jenkins-user",
            "force_destroy": false,
            "id": "jenkins-user",
            "name": "jenkins-user",
            "path": "/",
            "permissions_boundary": null,
            "tags": {
              "Name": "jenkins-user"
            },
            "tags_all": {
              "Name": "jenkins-user"
            },
            "unique_id": "AIDAR6XD2EDSLZ63XLFT5"
          },
          "sensitive_attributes": [],
          "private": "bnVsbA==",
          "dependencies": [
            "module.ec2_app_module.aws_instance.ec2_instance",
            "module.ec2_app_module.aws_security_group.security_group",
            "module.key_pair_module.aws_key_pair.public_terrform_key",
            "module.key_pair_module.local_file.private_terrform_key",
            "module.key_pair_module.tls_private_key.rsa"
          ]
        }
      ]
    },
    {
      "module": "module.iam_user_module",
      "mode": "managed",
      "type": "aws_iam_user_policy_attachment",
      "name": "iam_policy",
      "provider": "provider[\"registry.terraform.io/hashicorp/aws\"]",
      "instances": [
        {
          "schema_version": 0,
          "attributes": {
            "id": "jenkins-user-20230604143757177700000003",
            "policy_arn": "arn:aws:iam::aws:policy/AdministratorAccess",
            "user": "jenkins-user"
          },
          "sensitive_attributes": [],
          "private": "bnVsbA==",
          "dependencies": [
            "module.ec2_app_module.aws_instance.ec2_instance",
            "module.ec2_app_module.aws_security_group.security_group",
            "module.iam_user_module.aws_iam_user.iam_user",
            "module.key_pair_module.aws_key_pair.public_terrform_key",
            "module.key_pair_module.local_file.private_terrform_key",
            "module.key_pair_module.tls_private_key.rsa"
          ]
        }
      ]
    },
    {
      "module": "module.iam_user_module",
      "mode": "managed",
      "type": "local_file",
      "name": "iam_access_key_local",
      "provider": "provider[\"registry.terraform.io/hashicorp/local\"]",
      "instances": [
        {
          "schema_version": 0,
          "attributes": {
            "content": "AWS_ACCESS_KEY_ID: AKIAR6XD2EDSGMBCILVG \nAWS_SECRET_ACCESS_KEY: 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",
            "content_base64": null,
            "content_base64sha256": "Xdjlqtzif5cVhhDt28qO+sc3RsVH3SSI4xrdcsNS3gQ=",
            "content_base64sha512": "58/2oonofuUbDpR7FW5DREEamKkCfTuUt0VWjrcKjhDqlVUq0rFx8xZPZzOA2dXLbzQcUgPgqNckCeSx5Z7+SA==",
            "content_md5": "7dd2baf10607d895c3ff9c7dbc48c1d9",
            "content_sha1": "a53a24ac6e8346088bd83a5133fab1a9b99362df",
            "content_sha256": "5dd8e5aadce27f97158610eddbca8efac73746c547dd2488e31add72c352de04",
            "content_sha512": "e7cff6a289e87ee51b0e947b156e4344411a98a9027d3b94b745568eb70a8e10ea95552ad2b171f3164f673380d9d5cb6f341c5203e0a8d72409e4b1e59efe48",
            "directory_permission": "0777",
            "file_permission": "0777",
            "filename": "../../keys-dev/jenkins-user-keys.txt",
            "id": "a53a24ac6e8346088bd83a5133fab1a9b99362df",
            "sensitive_content": null,
            "source": null
          },
          "sensitive_attributes": [
            [
              {
                "type": "get_attr",
                "value": "content"
              }
            ]
          ],
          "dependencies": [
            "module.ec2_app_module.aws_instance.ec2_instance",
            "module.ec2_app_module.aws_security_group.security_group",
            "module.iam_user_module.aws_iam_access_key.iam_access_key",
            "module.iam_user_module.aws_iam_user.iam_user",
            "module.key_pair_module.aws_key_pair.public_terrform_key",
            "module.key_pair_module.local_file.private_terrform_key",
            "module.key_pair_module.tls_private_key.rsa"
          ]
        }
      ]
    },
    {
      "module": "module.key_pair_module",
      "mode": "managed",
      "type": "aws_key_pair",
      "name": "public_terrform_key",
      "provider": "provider[\"registry.terraform.io/hashicorp/aws\"]",
      "instances": [
        {
          "schema_version": 1,
          "attributes": {
            "arn": "arn:aws:ec2:us-east-1:134695493860:key-pair/public-terrform-key",
            "fingerprint": "5a:9e:ac:f0:71:9e:ef:ee:2b:0b:d0:2c:e0:de:f7:fd",
            "id": "public-terrform-key",
            "key_name": "public-terrform-key",
            "key_name_prefix": "",
            "key_pair_id": "key-036e9fae28848279a",
            "key_type": "rsa",
            "public_key": "ssh-rsa AAAAB3NzaC1yc2EAAAADAQABAAACAQDR8OW6P6MxVr9LSN0/kckDmZt5XguFQyN0ioaX9E8gBzv5QbUZEXVwbUMdTh8DFHc+B7htJLhhPdl3Bc2ToBToXl0GePMBT8ava6J7duiOssrbegp5F3Z+vSc3bPyDBMD7RloCgR0Fz81TtMkK92fKFReg68cKbdT99HLZpPKY0yGZaoGTkR1POQ2LUnSa5NCD5oFDK6RkaNapfIe694LlEhOl+n02FaKfoZhJ2P/6Y/sWMqnfYS5JhuDz0DiWcL1oleDOvw37dhv8hWg0vaOUWFEW0rXlgMPksJZWzugW0OpPEHJhWZppjEYoAmjQJYO1N5IsPSfhsexWPigdSKDCkj9IUQMZUIGm4IGMOGhH2gvUtKQxRBfbzeDsPzSid905nfYfyUc4GLUQGFbtpTL/O5ZD98XR7b+kzzzwXcrF+uIGmbccG6iiohu2uW0viHIq3rfjf5/CrKbvxQyyRBEa96jvWKlU00siys4ir4jscN0izpERIQEKNOLgFLQRI4sqBarAoZSUKdYBYpyjlSOQnqlTFF4BKt6d/R3+sD0b8nLDdHfmHuEjPkWTaFexFO7z/fGS1od+U+yiNOThDhTRjuunTv0S1krCtlfe3mI4JWOVZwPcO6Lo72qkDm0Ur3OYw4bCAFlVcS0wgXVyk42YEfcEG9K1tH8rYgicymXtgw==",
            "tags": null,
            "tags_all": {}
          },
          "sensitive_attributes": [],
          "private": "eyJzY2hlbWFfdmVyc2lvbiI6IjEifQ==",
          "dependencies": [
            "module.key_pair_module.tls_private_key.rsa"
          ]
        }
      ]
    },
    {
      "module": "module.key_pair_module",
      "mode": "managed",
      "type": "local_file",
      "name": "private_terrform_key",
      "provider": "provider[\"registry.terraform.io/hashicorp/local\"]",
      "instances": [
        {
          "schema_version": 0,
          "attributes": {
            "content": "-----BEGIN RSA PRIVATE KEY-----\nMIIJKQIBAAKCAgEA0fDluj+jMVa/S0jdP5HJA5mbeV4LhUMjdIqGl/RPIAc7+UG1\nGRF1cG1DHU4fAxR3Pge4bSS4YT3ZdwXNk6AU6F5dBnjzAU/Gr2uie3bojrLK23oK\neRd2fr0nN2z8gwTA+0ZaAoEdBc/NU7TJCvdnyhUXoOvHCm3U/fRy2aTymNMhmWqB\nk5EdTzkNi1J0muTQg+aBQyukZGjWqXyHuveC5RITpfp9NhWin6GYSdj/+mP7FjKp\n32EuSYbg89A4lnC9aJXgzr8N+3Yb/IVoNL2jlFhRFtK15YDD5LCWVs7oFtDqTxBy\nYVmaaYxGKAJo0CWDtTeSLD0n4bHsVj4oHUigwpI/SFEDGVCBpuCBjDhoR9oL1LSk\nMUQX283g7D80onfdOZ32H8lHOBi1EBhW7aUy/zuWQ/fF0e2/pM888F3KxfriBpm3\nHBuooqIbtrltL4hyKt6343+fwqym78UMskQRGveo71ipVNNLIsrOIq+I7HDdIs6R\nESEBCjTi4BS0ESOLKgWqwKGUlCnWAWKco5UjkJ6pUxReASrenf0d/rA9G/Jyw3R3\n5h7hIz5Fk2hXsRTu8/3xktaHflPsojTk4Q4U0Y7rp079EtZKwrZX3t5iOCVjlWcD\n3Dui6O9qpA5tFK9zmMOGwgBZVXEtMIF1cpONmBH3BBvStbR/K2IInMpl7YMCAwEA\nAQKCAgAk7B8bAHItDTqbfPccZQFbVrqXP8j66PHlXy+Irfj0gxEzJzE4dW+YFD9H\neiPOIN1P1X/EAj9DKuOCIU0kd3T14RKvPrpOMr+Yvm9XE3SXFC7FJtOMtGmspIuv\nHcXTLRTbnGXcJuT5zrAn1pW9DgH88nSzYoQg+2wINeO1D2NzKT6xgp/DWjQzaK9P\nH3NOgouBhxqYu6Yv2phWOoaMhVdJ/kHiYQmAZ5GwTXVBF579ZHQWVVa26JqBZ+1M\nNASfwLgvGpzs/4DwBrepU7UeAXQxdM7eGrTO5jSNldj672y2BowO16+mG2Iiyf7U\nrofMg6yERH+6tA69jNMp38iiTdGn1MOOOYRuO4y35Co4WWmWQJSoeMX/ZXxI4+7t\niACI75bVRKK0RL5a2KI4fEFefuXtVZPXBsV+jQUAsY+G6mJUYEzpjwdikm+Gjbtx\nnNL8WRiLjMOWNOGVMIaMV0/7MAkYJEPJqicsxeSjVbf7EwF9vATXtq00OyATZlJk\n4y6Q8YLI5dbEGBcDiWFUPjMFKOFMU0iJsLnbURUEnGLFWaqZBUBhSN1r3xBNmuIz\nD0GyQqXb0TcWk8/hKu4Nzn56r5+DtPaybMeptbu1ADT/tVRp05fDoM0lmsRfqCLW\nzPnNdX8OVGcXMo1SerYHavw+UW0IqWdkbo5MZrl0t+9xaEhw4QKCAQEA1K2NAbrf\nFMHCbLY0DGhsTviduX0xw02svl1/AEr/o4JLTxEdRge+04p2EXQHvB6i4E48IwWr\nx2TdxW11F+4wD5NK3/4GNzvuECvdf8v94aXusxfAfpfJhT5vr/ls+f+vbdty4G+H\nl2oqN2tK4B+7dfFT5GHfLfqjFf+H63uJuMJSszTg8SDtUh0iyHIPpx4tC0nslcHn\nE4QwfeaAT0pkqWaT6rkXmZZRSf4xOWFOe+fmGXHHMP8iwg5WbD7RsnFlywTT8iG/\nDjZpjkHL6ZoemMNyCGPbvpeQVprnBU+jnwUp5oehEyR/1+e669EzB5+Zy+JCLfos\ns7SWrLJYo4yT6wKCAQEA/LSf9323XmCIQixZYSD1e0kHr1vxydNThpEIE+lN5Km3\nGrM85QFhv9WZTjrsqBTu3nnQPxVol7pKKFKxBk/A0O/lnbdzZzLkKWnjb6H3rhAk\nEKL1SLtYTU4vBDuBWLiHcvjBDrTfYOUTLRlaQPBwEb2pFBkCO8fB0fR20jYr/xGj\nd/Whhlw0oHFcDvdf02cLbk5dia5E79ryBNmMZ/fDxWVqi9ykOIdDPyISJfj46W1v\nX51t2m2jg6u6bNLPelQ7jrhrQDP7OAi87cLUlNQzfcDk2zWl9bFtjW25Zaz1DjLp\nkSNL49JrE1/MXHqYtR9jRzC/Iba1lFFStjjI+kDeyQKCAQEA1F3MPJr+IPrtiqJR\nzMYEyMKGtG6n3y5TvO8dXwyEwh/b1ULwqToYuaE8Dmd/RcCNwU89y3bhNcSpknef\nAdtM0HCyxoIgcMz+BdXXYsIubEDF3r1r8LzedJeI7P4ybFx9L0R/LE8R5QcUyqvv\nY2csSDRHIfj84yuv58p2TZTZS812yQ2XRBAuCd2gGumSaby/G9OgU1YAyMMprL4b\nB5HwfBs6vpo+T5YC69DQFEzvEtjYMjYjwfAyI/YvI/2CZR3ImHXksZYy8h0xP+TB\nmizUOpSG7IvSJDmx3ljlMK96YdLFKTXriHLc2ZnCU7FctFMRPr5aeRCjzHoaLq4T\nxpQcKwKCAQEA7V/Z98fejEePFuHD34nvLayPDHkIqXXZusjXVqTLp2SIfAsrw03F\n/UXuaN7O2KA5NUAljmxUwFmcOT5bzTrzOxBtlvXw8FqMmh4+Jul018uPpRT95SEe\nNBeh8I7Y1HcZvLTP3DmorsLffXiYH/H6w59tiFRpla/xb3/8cT+zmjh+XjucS7Kn\nOKLjP6e9Gr5rrWTtVlwdo1T+C/IygqLpAa5fJBvRIsxkLZSaiZLSdap3eNBPlWNx\nukiAqKJphFZFT64KCNgLPjpvBcQCnf6qk5CzKPq+9wiAiN4tzcVmt7y5S71lFw7b\nx+ov9BqxAUoHnqK6lzeiXzz4vfSfTPvMiQKCAQArNHQ6DvLLeDCfgPfY95iRDkwe\nsg5SxkLEu4jnsvm9jnv1J2V6Ue3acEOk38alRy4/0hP/EE4twWEo1I82Ua0627Ek\ntlSzo0uQxw30jpd8+s3EJckqjpAqwUfEG6W29FcsRsl0V84S4ZFcYaO6VrP5TDmK\nZd7LuO1qlIM9JqQ4uhgPhcFGhW68K/WUIJoUKId2rs0lzfHyPzMlqG/bWW6aOmMT\n+87JLRUJmiQ4YiqL65kl+0kTyRx7SNwfk8ebtYVrWND3tMUJnpOtvuzCeWpmxHK3\nNURwZTIelFxrXED+lbf9PeB4gjMZ8MbxqfPK+CR4JJRxzfl/qEnlLq3OtmiQ\n-----END RSA PRIVATE KEY-----\n",
            "content_base64": null,
            "content_base64sha256": "zmO5K4Pt2sVAuIo2/TKDgWuZpEH9/65xt/xm74WVar4=",
            "content_base64sha512": "7yoXzV+sUyioXlFDkq6IgKuuE0f2GeZrwz0zEQpz56Y8ACvhEKsplA+Lm42En3pCykhJWncIRx0kBMdSpep0cg==",
            "content_md5": "ba681e1f2ad8197a30610d9604bc6a1a",
            "content_sha1": "3938cb86745563ea318bf8308e754e3edfb3ff70",
            "content_sha256": "ce63b92b83eddac540b88a36fd3283816b99a441fdffae71b7fc66ef85956abe",
            "content_sha512": "ef2a17cd5fac5328a85e514392ae8880abae1347f619e66bc33d33110a73e7a63c002be110ab29940f8b9b8d849f7a42ca48495a7708471d2404c752a5ea7472",
            "directory_permission": "0777",
            "file_permission": "0777",
            "filename": "../../keys-dev/private-terrform-key",
            "id": "3938cb86745563ea318bf8308e754e3edfb3ff70",
            "sensitive_content": null,
            "source": null
          },
          "sensitive_attributes": [
            [
              {
                "type": "get_attr",
                "value": "content"
              }
            ]
          ],
          "dependencies": [
            "module.key_pair_module.tls_private_key.rsa"
          ]
        }
      ]
    },
    {
      "module": "module.key_pair_module",
      "mode": "managed",
      "type": "tls_private_key",
      "name": "rsa",
      "provider": "provider[\"registry.terraform.io/hashicorp/tls\"]",
      "instances": [
        {
          "schema_version": 1,
          "attributes": {
            "algorithm": "RSA",
            "ecdsa_curve": "P224",
            "id": "07761ff2cceb6b011cdb98f858e750908bc10a26",
            "private_key_openssh": "-----BEGIN OPENSSH PRIVATE KEY-----\nb3BlbnNzaC1rZXktdjEAAAAABG5vbmUAAAAEbm9uZQAAAAAAAAABAAACFwAAAAdz\nc2gtcnNhAAAAAwEAAQAAAgEA0fDluj+jMVa/S0jdP5HJA5mbeV4LhUMjdIqGl/RP\nIAc7+UG1GRF1cG1DHU4fAxR3Pge4bSS4YT3ZdwXNk6AU6F5dBnjzAU/Gr2uie3bo\njrLK23oKeRd2fr0nN2z8gwTA+0ZaAoEdBc/NU7TJCvdnyhUXoOvHCm3U/fRy2aTy\nmNMhmWqBk5EdTzkNi1J0muTQg+aBQyukZGjWqXyHuveC5RITpfp9NhWin6GYSdj/\n+mP7FjKp32EuSYbg89A4lnC9aJXgzr8N+3Yb/IVoNL2jlFhRFtK15YDD5LCWVs7o\nFtDqTxByYVmaaYxGKAJo0CWDtTeSLD0n4bHsVj4oHUigwpI/SFEDGVCBpuCBjDho\nR9oL1LSkMUQX283g7D80onfdOZ32H8lHOBi1EBhW7aUy/zuWQ/fF0e2/pM888F3K\nxfriBpm3HBuooqIbtrltL4hyKt6343+fwqym78UMskQRGveo71ipVNNLIsrOIq+I\n7HDdIs6RESEBCjTi4BS0ESOLKgWqwKGUlCnWAWKco5UjkJ6pUxReASrenf0d/rA9\nG/Jyw3R35h7hIz5Fk2hXsRTu8/3xktaHflPsojTk4Q4U0Y7rp079EtZKwrZX3t5i\nOCVjlWcD3Dui6O9qpA5tFK9zmMOGwgBZVXEtMIF1cpONmBH3BBvStbR/K2IInMpl\n7YMAAAc4JnE+jSZxPo0AAAAHc3NoLXJzYQAAAgEA0fDluj+jMVa/S0jdP5HJA5mb\neV4LhUMjdIqGl/RPIAc7+UG1GRF1cG1DHU4fAxR3Pge4bSS4YT3ZdwXNk6AU6F5d\nBnjzAU/Gr2uie3bojrLK23oKeRd2fr0nN2z8gwTA+0ZaAoEdBc/NU7TJCvdnyhUX\noOvHCm3U/fRy2aTymNMhmWqBk5EdTzkNi1J0muTQg+aBQyukZGjWqXyHuveC5RIT\npfp9NhWin6GYSdj/+mP7FjKp32EuSYbg89A4lnC9aJXgzr8N+3Yb/IVoNL2jlFhR\nFtK15YDD5LCWVs7oFtDqTxByYVmaaYxGKAJo0CWDtTeSLD0n4bHsVj4oHUigwpI/\nSFEDGVCBpuCBjDhoR9oL1LSkMUQX283g7D80onfdOZ32H8lHOBi1EBhW7aUy/zuW\nQ/fF0e2/pM888F3KxfriBpm3HBuooqIbtrltL4hyKt6343+fwqym78UMskQRGveo\n71ipVNNLIsrOIq+I7HDdIs6RESEBCjTi4BS0ESOLKgWqwKGUlCnWAWKco5UjkJ6p\nUxReASrenf0d/rA9G/Jyw3R35h7hIz5Fk2hXsRTu8/3xktaHflPsojTk4Q4U0Y7r\np079EtZKwrZX3t5iOCVjlWcD3Dui6O9qpA5tFK9zmMOGwgBZVXEtMIF1cpONmBH3\nBBvStbR/K2IInMpl7YMAAAADAQABAAACACTsHxsAci0NOpt89xxlAVtWupc/yPro\n8eVfL4it+PSDETMnMTh1b5gUP0d6I84g3U/Vf8QCP0Mq44IhTSR3dPXhEq8+uk4y\nv5i+b1cTdJcULsUm04y0aayki68dxdMtFNucZdwm5PnOsCfWlb0OAfzydLNihCD7\nbAg147UPY3MpPrGCn8NaNDNor08fc06Ci4GHGpi7pi/amFY6hoyFV0n+QeJhCYBn\nkbBNdUEXnv1kdBZVVrbomoFn7Uw0BJ/AuC8anOz/gPAGt6lTtR4BdDF0zt4atM7m\nNI2V2PrvbLYGjA7Xr6YbYiLJ/tSuh8yDrIREf7q0Dr2M0ynfyKJN0afUw445hG47\njLfkKjhZaZZAlKh4xf9lfEjj7u2IAIjvltVEorREvlrYojh8QV5+5e1Vk9cGxX6N\nBQCxj4bqYlRgTOmPB2KSb4aNu3Gc0vxZGIuMw5Y04ZUwhoxXT/swCRgkQ8mqJyzF\n5KNVt/sTAX28BNe2rTQ7IBNmUmTjLpDxgsjl1sQYFwOJYVQ+MwUo4UxTSImwudtR\nFQScYsVZqpkFQGFI3WvfEE2a4jMPQbJCpdvRNxaTz+Eq7g3Ofnqvn4O09rJsx6m1\nu7UANP+1VGnTl8OgzSWaxF+oItbM+c11fw5UZxcyjVJ6tgdq/D5RbQipZ2Rujkxm\nuXS373FoSHDhAAABACs0dDoO8st4MJ+A99j3mJEOTB6yDlLGQsS7iOey+b2Oe/Un\nZXpR7dpwQ6TfxqVHLj/SE/8QTi3BYSjUjzZRrTrbsSS2VLOjS5DHDfSOl3z6zcQl\nySqOkCrBR8Qbpbb0VyxGyXRXzhLhkVxho7pWs/lMOYpl3su47WqUgz0mpDi6GA+F\nwUaFbrwr9ZQgmhQoh3auzSXN8fI/MyWob9tZbpo6YxP7zsktFQmaJDhiKovrmSX7\nSRPJHHtI3B+Tx5u1hWtY0Pe0xQmek62+7MJ5ambEcrc1RHBlMh6UXGtcQP6Vt/09\n4HiCMxnwxvGp88r4JHgklHHN+X+oSeUurc62aJAAAAEBANStjQG63xTBwmy2NAxo\nbE74nbl9McNNrL5dfwBK/6OCS08RHUYHvtOKdhF0B7weouBOPCMFq8dk3cVtdRfu\nMA+TSt/+Bjc77hAr3X/L/eGl7rMXwH6XyYU+b6/5bPn/r23bcuBvh5dqKjdrSuAf\nu3XxU+Rh3y36oxX/h+t7ibjCUrM04PEg7VIdIshyD6ceLQtJ7JXB5xOEMH3mgE9K\nZKlmk+q5F5mWUUn+MTlhTnvn5hlxxzD/IsIOVmw+0bJxZcsE0/Ihvw42aY5By+ma\nHpjDcghj276XkFaa5wVPo58FKeaHoRMkf9fnuuvRMwefmcviQi36LLO0lqyyWKOM\nk+sAAAEBAPy0n/d9t15giEIsWWEg9XtJB69b8cnTU4aRCBPpTeSptxqzPOUBYb/V\nmU467KgU7t550D8VaJe6SihSsQZPwNDv5Z23c2cy5Clp42+h964QJBCi9Ui7WE1O\nLwQ7gVi4h3L4wQ6032DlEy0ZWkDwcBG9qRQZAjvHwdH0dtI2K/8Ro3f1oYZcNKBx\nXA73X9NnC25OXYmuRO/a8gTZjGf3w8VlaovcpDiHQz8iEiX4+Oltb1+dbdpto4Or\numzSz3pUO464a0Az+zgIvO3C1JTUM33A5Ns1pfWxbY1tuWWs9Q4y6ZEjS+PSaxNf\nzFx6mLUfY0cwvyG2tZRRUrY4yPpA3skAAAAAAQID\n-----END OPENSSH PRIVATE KEY-----\n",
            "private_key_pem": "-----BEGIN RSA PRIVATE KEY-----\nMIIJKQIBAAKCAgEA0fDluj+jMVa/S0jdP5HJA5mbeV4LhUMjdIqGl/RPIAc7+UG1\nGRF1cG1DHU4fAxR3Pge4bSS4YT3ZdwXNk6AU6F5dBnjzAU/Gr2uie3bojrLK23oK\neRd2fr0nN2z8gwTA+0ZaAoEdBc/NU7TJCvdnyhUXoOvHCm3U/fRy2aTymNMhmWqB\nk5EdTzkNi1J0muTQg+aBQyukZGjWqXyHuveC5RITpfp9NhWin6GYSdj/+mP7FjKp\n32EuSYbg89A4lnC9aJXgzr8N+3Yb/IVoNL2jlFhRFtK15YDD5LCWVs7oFtDqTxBy\nYVmaaYxGKAJo0CWDtTeSLD0n4bHsVj4oHUigwpI/SFEDGVCBpuCBjDhoR9oL1LSk\nMUQX283g7D80onfdOZ32H8lHOBi1EBhW7aUy/zuWQ/fF0e2/pM888F3KxfriBpm3\nHBuooqIbtrltL4hyKt6343+fwqym78UMskQRGveo71ipVNNLIsrOIq+I7HDdIs6R\nESEBCjTi4BS0ESOLKgWqwKGUlCnWAWKco5UjkJ6pUxReASrenf0d/rA9G/Jyw3R3\n5h7hIz5Fk2hXsRTu8/3xktaHflPsojTk4Q4U0Y7rp079EtZKwrZX3t5iOCVjlWcD\n3Dui6O9qpA5tFK9zmMOGwgBZVXEtMIF1cpONmBH3BBvStbR/K2IInMpl7YMCAwEA\nAQKCAgAk7B8bAHItDTqbfPccZQFbVrqXP8j66PHlXy+Irfj0gxEzJzE4dW+YFD9H\neiPOIN1P1X/EAj9DKuOCIU0kd3T14RKvPrpOMr+Yvm9XE3SXFC7FJtOMtGmspIuv\nHcXTLRTbnGXcJuT5zrAn1pW9DgH88nSzYoQg+2wINeO1D2NzKT6xgp/DWjQzaK9P\nH3NOgouBhxqYu6Yv2phWOoaMhVdJ/kHiYQmAZ5GwTXVBF579ZHQWVVa26JqBZ+1M\nNASfwLgvGpzs/4DwBrepU7UeAXQxdM7eGrTO5jSNldj672y2BowO16+mG2Iiyf7U\nrofMg6yERH+6tA69jNMp38iiTdGn1MOOOYRuO4y35Co4WWmWQJSoeMX/ZXxI4+7t\niACI75bVRKK0RL5a2KI4fEFefuXtVZPXBsV+jQUAsY+G6mJUYEzpjwdikm+Gjbtx\nnNL8WRiLjMOWNOGVMIaMV0/7MAkYJEPJqicsxeSjVbf7EwF9vATXtq00OyATZlJk\n4y6Q8YLI5dbEGBcDiWFUPjMFKOFMU0iJsLnbURUEnGLFWaqZBUBhSN1r3xBNmuIz\nD0GyQqXb0TcWk8/hKu4Nzn56r5+DtPaybMeptbu1ADT/tVRp05fDoM0lmsRfqCLW\nzPnNdX8OVGcXMo1SerYHavw+UW0IqWdkbo5MZrl0t+9xaEhw4QKCAQEA1K2NAbrf\nFMHCbLY0DGhsTviduX0xw02svl1/AEr/o4JLTxEdRge+04p2EXQHvB6i4E48IwWr\nx2TdxW11F+4wD5NK3/4GNzvuECvdf8v94aXusxfAfpfJhT5vr/ls+f+vbdty4G+H\nl2oqN2tK4B+7dfFT5GHfLfqjFf+H63uJuMJSszTg8SDtUh0iyHIPpx4tC0nslcHn\nE4QwfeaAT0pkqWaT6rkXmZZRSf4xOWFOe+fmGXHHMP8iwg5WbD7RsnFlywTT8iG/\nDjZpjkHL6ZoemMNyCGPbvpeQVprnBU+jnwUp5oehEyR/1+e669EzB5+Zy+JCLfos\ns7SWrLJYo4yT6wKCAQEA/LSf9323XmCIQixZYSD1e0kHr1vxydNThpEIE+lN5Km3\nGrM85QFhv9WZTjrsqBTu3nnQPxVol7pKKFKxBk/A0O/lnbdzZzLkKWnjb6H3rhAk\nEKL1SLtYTU4vBDuBWLiHcvjBDrTfYOUTLRlaQPBwEb2pFBkCO8fB0fR20jYr/xGj\nd/Whhlw0oHFcDvdf02cLbk5dia5E79ryBNmMZ/fDxWVqi9ykOIdDPyISJfj46W1v\nX51t2m2jg6u6bNLPelQ7jrhrQDP7OAi87cLUlNQzfcDk2zWl9bFtjW25Zaz1DjLp\nkSNL49JrE1/MXHqYtR9jRzC/Iba1lFFStjjI+kDeyQKCAQEA1F3MPJr+IPrtiqJR\nzMYEyMKGtG6n3y5TvO8dXwyEwh/b1ULwqToYuaE8Dmd/RcCNwU89y3bhNcSpknef\nAdtM0HCyxoIgcMz+BdXXYsIubEDF3r1r8LzedJeI7P4ybFx9L0R/LE8R5QcUyqvv\nY2csSDRHIfj84yuv58p2TZTZS812yQ2XRBAuCd2gGumSaby/G9OgU1YAyMMprL4b\nB5HwfBs6vpo+T5YC69DQFEzvEtjYMjYjwfAyI/YvI/2CZR3ImHXksZYy8h0xP+TB\nmizUOpSG7IvSJDmx3ljlMK96YdLFKTXriHLc2ZnCU7FctFMRPr5aeRCjzHoaLq4T\nxpQcKwKCAQEA7V/Z98fejEePFuHD34nvLayPDHkIqXXZusjXVqTLp2SIfAsrw03F\n/UXuaN7O2KA5NUAljmxUwFmcOT5bzTrzOxBtlvXw8FqMmh4+Jul018uPpRT95SEe\nNBeh8I7Y1HcZvLTP3DmorsLffXiYH/H6w59tiFRpla/xb3/8cT+zmjh+XjucS7Kn\nOKLjP6e9Gr5rrWTtVlwdo1T+C/IygqLpAa5fJBvRIsxkLZSaiZLSdap3eNBPlWNx\nukiAqKJphFZFT64KCNgLPjpvBcQCnf6qk5CzKPq+9wiAiN4tzcVmt7y5S71lFw7b\nx+ov9BqxAUoHnqK6lzeiXzz4vfSfTPvMiQKCAQArNHQ6DvLLeDCfgPfY95iRDkwe\nsg5SxkLEu4jnsvm9jnv1J2V6Ue3acEOk38alRy4/0hP/EE4twWEo1I82Ua0627Ek\ntlSzo0uQxw30jpd8+s3EJckqjpAqwUfEG6W29FcsRsl0V84S4ZFcYaO6VrP5TDmK\nZd7LuO1qlIM9JqQ4uhgPhcFGhW68K/WUIJoUKId2rs0lzfHyPzMlqG/bWW6aOmMT\n+87JLRUJmiQ4YiqL65kl+0kTyRx7SNwfk8ebtYVrWND3tMUJnpOtvuzCeWpmxHK3\nNURwZTIelFxrXED+lbf9PeB4gjMZ8MbxqfPK+CR4JJRxzfl/qEnlLq3OtmiQ\n-----END RSA PRIVATE KEY-----\n",
            "private_key_pem_pkcs8": "-----BEGIN PRIVATE KEY-----\nMIIJQwIBADANBgkqhkiG9w0BAQEFAASCCS0wggkpAgEAAoICAQDR8OW6P6MxVr9L\nSN0/kckDmZt5XguFQyN0ioaX9E8gBzv5QbUZEXVwbUMdTh8DFHc+B7htJLhhPdl3\nBc2ToBToXl0GePMBT8ava6J7duiOssrbegp5F3Z+vSc3bPyDBMD7RloCgR0Fz81T\ntMkK92fKFReg68cKbdT99HLZpPKY0yGZaoGTkR1POQ2LUnSa5NCD5oFDK6RkaNap\nfIe694LlEhOl+n02FaKfoZhJ2P/6Y/sWMqnfYS5JhuDz0DiWcL1oleDOvw37dhv8\nhWg0vaOUWFEW0rXlgMPksJZWzugW0OpPEHJhWZppjEYoAmjQJYO1N5IsPSfhsexW\nPigdSKDCkj9IUQMZUIGm4IGMOGhH2gvUtKQxRBfbzeDsPzSid905nfYfyUc4GLUQ\nGFbtpTL/O5ZD98XR7b+kzzzwXcrF+uIGmbccG6iiohu2uW0viHIq3rfjf5/CrKbv\nxQyyRBEa96jvWKlU00siys4ir4jscN0izpERIQEKNOLgFLQRI4sqBarAoZSUKdYB\nYpyjlSOQnqlTFF4BKt6d/R3+sD0b8nLDdHfmHuEjPkWTaFexFO7z/fGS1od+U+yi\nNOThDhTRjuunTv0S1krCtlfe3mI4JWOVZwPcO6Lo72qkDm0Ur3OYw4bCAFlVcS0w\ngXVyk42YEfcEG9K1tH8rYgicymXtgwIDAQABAoICACTsHxsAci0NOpt89xxlAVtW\nupc/yPro8eVfL4it+PSDETMnMTh1b5gUP0d6I84g3U/Vf8QCP0Mq44IhTSR3dPXh\nEq8+uk4yv5i+b1cTdJcULsUm04y0aayki68dxdMtFNucZdwm5PnOsCfWlb0OAfzy\ndLNihCD7bAg147UPY3MpPrGCn8NaNDNor08fc06Ci4GHGpi7pi/amFY6hoyFV0n+\nQeJhCYBnkbBNdUEXnv1kdBZVVrbomoFn7Uw0BJ/AuC8anOz/gPAGt6lTtR4BdDF0\nzt4atM7mNI2V2PrvbLYGjA7Xr6YbYiLJ/tSuh8yDrIREf7q0Dr2M0ynfyKJN0afU\nw445hG47jLfkKjhZaZZAlKh4xf9lfEjj7u2IAIjvltVEorREvlrYojh8QV5+5e1V\nk9cGxX6NBQCxj4bqYlRgTOmPB2KSb4aNu3Gc0vxZGIuMw5Y04ZUwhoxXT/swCRgk\nQ8mqJyzF5KNVt/sTAX28BNe2rTQ7IBNmUmTjLpDxgsjl1sQYFwOJYVQ+MwUo4UxT\nSImwudtRFQScYsVZqpkFQGFI3WvfEE2a4jMPQbJCpdvRNxaTz+Eq7g3Ofnqvn4O0\n9rJsx6m1u7UANP+1VGnTl8OgzSWaxF+oItbM+c11fw5UZxcyjVJ6tgdq/D5RbQip\nZ2RujkxmuXS373FoSHDhAoIBAQDUrY0But8UwcJstjQMaGxO+J25fTHDTay+XX8A\nSv+jgktPER1GB77TinYRdAe8HqLgTjwjBavHZN3FbXUX7jAPk0rf/gY3O+4QK91/\ny/3hpe6zF8B+l8mFPm+v+Wz5/69t23Lgb4eXaio3a0rgH7t18VPkYd8t+qMV/4fr\ne4m4wlKzNODxIO1SHSLIcg+nHi0LSeyVwecThDB95oBPSmSpZpPquReZllFJ/jE5\nYU575+YZcccw/yLCDlZsPtGycWXLBNPyIb8ONmmOQcvpmh6Yw3IIY9u+l5BWmucF\nT6OfBSnmh6ETJH/X57rr0TMHn5nL4kIt+iyztJasslijjJPrAoIBAQD8tJ/3fbde\nYIhCLFlhIPV7SQevW/HJ01OGkQgT6U3kqbcaszzlAWG/1ZlOOuyoFO7eedA/FWiX\nukooUrEGT8DQ7+Wdt3NnMuQpaeNvofeuECQQovVIu1hNTi8EO4FYuIdy+MEOtN9g\n5RMtGVpA8HARvakUGQI7x8HR9HbSNiv/EaN39aGGXDSgcVwO91/TZwtuTl2JrkTv\n2vIE2Yxn98PFZWqL3KQ4h0M/IhIl+PjpbW9fnW3abaODq7ps0s96VDuOuGtAM/s4\nCLztwtSU1DN9wOTbNaX1sW2NbbllrPUOMumRI0vj0msTX8xcepi1H2NHML8htrWU\nUVK2OMj6QN7JAoIBAQDUXcw8mv4g+u2KolHMxgTIwoa0bqffLlO87x1fDITCH9vV\nQvCpOhi5oTwOZ39FwI3BTz3LduE1xKmSd58B20zQcLLGgiBwzP4F1ddiwi5sQMXe\nvWvwvN50l4js/jJsXH0vRH8sTxHlBxTKq+9jZyxINEch+PzjK6/nynZNlNlLzXbJ\nDZdEEC4J3aAa6ZJpvL8b06BTVgDIwymsvhsHkfB8Gzq+mj5PlgLr0NAUTO8S2Ngy\nNiPB8DIj9i8j/YJlHciYdeSxljLyHTE/5MGaLNQ6lIbsi9IkObHeWOUwr3ph0sUp\nNeuIctzZmcJTsVy0UxE+vlp5EKPMehourhPGlBwrAoIBAQDtX9n3x96MR48W4cPf\nie8trI8MeQipddm6yNdWpMunZIh8CyvDTcX9Re5o3s7YoDk1QCWObFTAWZw5PlvN\nOvM7EG2W9fDwWoyaHj4m6XTXy4+lFP3lIR40F6HwjtjUdxm8tM/cOaiuwt99eJgf\n8frDn22IVGmVr/Fvf/xxP7OaOH5eO5xLsqc4ouM/p70avmutZO1WXB2jVP4L8jKC\noukBrl8kG9EizGQtlJqJktJ1qnd40E+VY3G6SICoommEVkVPrgoI2As+Om8FxAKd\n/qqTkLMo+r73CICI3i3NxWa3vLlLvWUXDtvH6i/0GrEBSgeeorqXN6JfPPi99J9M\n+8yJAoIBACs0dDoO8st4MJ+A99j3mJEOTB6yDlLGQsS7iOey+b2Oe/UnZXpR7dpw\nQ6TfxqVHLj/SE/8QTi3BYSjUjzZRrTrbsSS2VLOjS5DHDfSOl3z6zcQlySqOkCrB\nR8Qbpbb0VyxGyXRXzhLhkVxho7pWs/lMOYpl3su47WqUgz0mpDi6GA+FwUaFbrwr\n9ZQgmhQoh3auzSXN8fI/MyWob9tZbpo6YxP7zsktFQmaJDhiKovrmSX7SRPJHHtI\n3B+Tx5u1hWtY0Pe0xQmek62+7MJ5ambEcrc1RHBlMh6UXGtcQP6Vt/094HiCMxnw\nxvGp88r4JHgklHHN+X+oSeUurc62aJA=\n-----END PRIVATE KEY-----\n",
            "public_key_fingerprint_md5": "0c:9f:21:67:5e:8a:03:0b:41:69:51:02:29:c8:ee:bc",
            "public_key_fingerprint_sha256": "SHA256:TGpYv84Pq4bGbCgh0iCoVnKkopTLXSpMrKGxYRHI/aI",
            "public_key_openssh": "ssh-rsa AAAAB3NzaC1yc2EAAAADAQABAAACAQDR8OW6P6MxVr9LSN0/kckDmZt5XguFQyN0ioaX9E8gBzv5QbUZEXVwbUMdTh8DFHc+B7htJLhhPdl3Bc2ToBToXl0GePMBT8ava6J7duiOssrbegp5F3Z+vSc3bPyDBMD7RloCgR0Fz81TtMkK92fKFReg68cKbdT99HLZpPKY0yGZaoGTkR1POQ2LUnSa5NCD5oFDK6RkaNapfIe694LlEhOl+n02FaKfoZhJ2P/6Y/sWMqnfYS5JhuDz0DiWcL1oleDOvw37dhv8hWg0vaOUWFEW0rXlgMPksJZWzugW0OpPEHJhWZppjEYoAmjQJYO1N5IsPSfhsexWPigdSKDCkj9IUQMZUIGm4IGMOGhH2gvUtKQxRBfbzeDsPzSid905nfYfyUc4GLUQGFbtpTL/O5ZD98XR7b+kzzzwXcrF+uIGmbccG6iiohu2uW0viHIq3rfjf5/CrKbvxQyyRBEa96jvWKlU00siys4ir4jscN0izpERIQEKNOLgFLQRI4sqBarAoZSUKdYBYpyjlSOQnqlTFF4BKt6d/R3+sD0b8nLDdHfmHuEjPkWTaFexFO7z/fGS1od+U+yiNOThDhTRjuunTv0S1krCtlfe3mI4JWOVZwPcO6Lo72qkDm0Ur3OYw4bCAFlVcS0wgXVyk42YEfcEG9K1tH8rYgicymXtgw==\n",
            "public_key_pem": "-----BEGIN PUBLIC KEY-----\nMIICIjANBgkqhkiG9w0BAQEFAAOCAg8AMIICCgKCAgEA0fDluj+jMVa/S0jdP5HJ\nA5mbeV4LhUMjdIqGl/RPIAc7+UG1GRF1cG1DHU4fAxR3Pge4bSS4YT3ZdwXNk6AU\n6F5dBnjzAU/Gr2uie3bojrLK23oKeRd2fr0nN2z8gwTA+0ZaAoEdBc/NU7TJCvdn\nyhUXoOvHCm3U/fRy2aTymNMhmWqBk5EdTzkNi1J0muTQg+aBQyukZGjWqXyHuveC\n5RITpfp9NhWin6GYSdj/+mP7FjKp32EuSYbg89A4lnC9aJXgzr8N+3Yb/IVoNL2j\nlFhRFtK15YDD5LCWVs7oFtDqTxByYVmaaYxGKAJo0CWDtTeSLD0n4bHsVj4oHUig\nwpI/SFEDGVCBpuCBjDhoR9oL1LSkMUQX283g7D80onfdOZ32H8lHOBi1EBhW7aUy\n/zuWQ/fF0e2/pM888F3KxfriBpm3HBuooqIbtrltL4hyKt6343+fwqym78UMskQR\nGveo71ipVNNLIsrOIq+I7HDdIs6RESEBCjTi4BS0ESOLKgWqwKGUlCnWAWKco5Uj\nkJ6pUxReASrenf0d/rA9G/Jyw3R35h7hIz5Fk2hXsRTu8/3xktaHflPsojTk4Q4U\n0Y7rp079EtZKwrZX3t5iOCVjlWcD3Dui6O9qpA5tFK9zmMOGwgBZVXEtMIF1cpON\nmBH3BBvStbR/K2IInMpl7YMCAwEAAQ==\n-----END PUBLIC KEY-----\n",
            "rsa_bits": 4096
          },
          "sensitive_attributes": []
        }
      ]
    },
    {
      "module": "module.route53_module",
      "mode": "data",
      "type": "aws_eip",
      "name": "elastic_ip_address_data",
      "provider": "provider[\"registry.terraform.io/hashicorp/aws\"]",
      "instances": [
        {
          "schema_version": 0,
          "attributes": {
            "association_id": "eipassoc-0a36f4686283d7478",
            "carrier_ip": "",
            "customer_owned_ip": "",
            "customer_owned_ipv4_pool": "",
            "domain": "vpc",
            "filter": null,
            "id": "eipalloc-0ddbc78801ceffa17",
            "instance_id": "i-0c8ef9fb856c8d98c",
            "network_interface_id": "eni-0a80c38990390cb8f",
            "network_interface_owner_id": "134695493860",
            "private_dns": "ip-172-31-31-102.ec2.internal",
            "private_ip": "172.31.31.102",
            "public_dns": "ec2-3-214-124-99.compute-1.amazonaws.com",
            "public_ip": "3.214.124.99",
            "public_ipv4_pool": "amazon",
            "tags": {},
            "timeouts": null
          },
          "sensitive_attributes": []
        }
      ]
    },
    {
      "module": "module.route53_module",
      "mode": "data",
      "type": "aws_route53_zone",
      "name": "hosted_zones",
      "provider": "provider[\"registry.terraform.io/hashicorp/aws\"]",
      "instances": [
        {
          "schema_version": 0,
          "attributes": {
            "arn": "arn:aws:route53:::hostedzone/Z05427651TVRYG3AGR9CN",
            "caller_reference": "RISWorkflow-RD:9c3763a7-117e-4fd9-8c40-4631f46ad0e9",
            "comment": "HostedZone created by Route53 Registrar",
            "id": "Z05427651TVRYG3AGR9CN",
            "linked_service_description": null,
            "linked_service_principal": null,
            "name": "lioraronov.com",
            "name_servers": [
              "ns-995.awsdns-60.net",
              "ns-307.awsdns-38.com",
              "ns-2010.awsdns-59.co.uk",
              "ns-1261.awsdns-29.org"
            ],
            "primary_name_server": "ns-995.awsdns-60.net",
            "private_zone": false,
            "resource_record_set_count": 2,
            "tags": {},
            "vpc_id": null,
            "zone_id": "Z05427651TVRYG3AGR9CN"
          },
          "sensitive_attributes": []
        }
      ]
    },
    {
      "module": "module.route53_module",
      "mode": "managed",
      "type": "aws_route53_record",
      "name": "routing_to_domain",
      "provider": "provider[\"registry.terraform.io/hashicorp/aws\"]",
      "instances": [
        {
          "schema_version": 2,
          "attributes": {
            "alias": [],
            "allow_overwrite": null,
            "cidr_routing_policy": [],
            "failover_routing_policy": [],
            "fqdn": "lioraronov.com",
            "geolocation_routing_policy": [],
            "health_check_id": "",
            "id": "Z05427651TVRYG3AGR9CN_lioraronov.com_A",
            "latency_routing_policy": [],
            "multivalue_answer_routing_policy": false,
            "name": "lioraronov.com",
            "records": [
              "3.214.124.99"
            ],
            "set_identifier": "",
            "ttl": 300,
            "type": "A",
            "weighted_routing_policy": [],
            "zone_id": "Z05427651TVRYG3AGR9CN"
          },
          "sensitive_attributes": [],
          "private": "eyJzY2hlbWFfdmVyc2lvbiI6IjIifQ==",
          "dependencies": [
            "module.ec2_app_module.aws_instance.ec2_instance",
            "module.ec2_app_module.aws_security_group.security_group",
            "module.ec2_jenkins_module.aws_instance.ec2_instance",
            "module.ec2_jenkins_module.aws_security_group.security_group",
            "module.elastic_ip_module.aws_eip.elastic_ip",
            "module.elastic_ip_module.aws_eip_association.apply_elastic_ip",
            "module.key_pair_module.aws_key_pair.public_terrform_key",
            "module.key_pair_module.local_file.private_terrform_key",
            "module.key_pair_module.tls_private_key.rsa",
            "module.route53_module.data.aws_eip.elastic_ip_address_data",
            "module.route53_module.data.aws_route53_zone.hosted_zones"
          ]
        }
      ]
    },
    {
      "module": "module.tf-state_module",
      "mode": "managed",
      "type": "aws_dynamodb_table",
      "name": "db_state",
      "provider": "provider[\"registry.terraform.io/hashicorp/aws\"]",
      "instances": [
        {
          "schema_version": 1,
          "attributes": {
            "arn": "arn:aws:dynamodb:us-east-1:134695493860:table/locking-state-flask-crypto-app",
            "attribute": [
              {
                "name": "LockID",
                "type": "S"
              }
            ],
            "billing_mode": "PAY_PER_REQUEST",
            "deletion_protection_enabled": false,
            "global_secondary_index": [],
            "hash_key": "LockID",
            "id": "locking-state-flask-crypto-app",
            "local_secondary_index": [],
            "name": "locking-state-flask-crypto-app",
            "point_in_time_recovery": [
              {
                "enabled": false
              }
            ],
            "range_key": null,
            "read_capacity": 0,
            "replica": [],
            "restore_date_time": null,
            "restore_source_name": null,
            "restore_to_latest_time": null,
            "server_side_encryption": [],
            "stream_arn": "",
            "stream_enabled": false,
            "stream_label": "",
            "stream_view_type": "",
            "table_class": "STANDARD",
            "tags": null,
            "tags_all": {},
            "timeouts": null,
            "ttl": [
              {
                "attribute_name": "",
                "enabled": false
              }
            ],
            "write_capacity": 0
          },
          "sensitive_attributes": [],
          "private": "eyJlMmJmYjczMC1lY2FhLTExZTYtOGY4OC0zNDM2M2JjN2M0YzAiOnsiY3JlYXRlIjoxODAwMDAwMDAwMDAwLCJkZWxldGUiOjYwMDAwMDAwMDAwMCwidXBkYXRlIjozNjAwMDAwMDAwMDAwfSwic2NoZW1hX3ZlcnNpb24iOiIxIn0="
        }
      ]
    },
    {
      "module": "module.tf-state_module",
      "mode": "managed",
      "type": "aws_s3_bucket",
      "name": "s3_state",
      "provider": "provider[\"registry.terraform.io/hashicorp/aws\"]",
      "instances": [
        {
          "schema_version": 0,
          "attributes": {
            "acceleration_status": "",
            "acl": null,
            "arn": "arn:aws:s3:::remote-state-flask-crypto-app",
            "bucket": "remote-state-flask-crypto-app",
            "bucket_domain_name": "remote-state-flask-crypto-app.s3.amazonaws.com",
            "bucket_prefix": "",
            "bucket_regional_domain_name": "remote-state-flask-crypto-app.s3.us-east-1.amazonaws.com",
            "cors_rule": [],
            "force_destroy": false,
            "grant": [
              {
                "id": "4d1a9bb6edc74017518f5cf01ffa751a76d86b5f6eabb784b2a59f8beb14ee55",
                "permissions": [
                  "FULL_CONTROL"
                ],
                "type": "CanonicalUser",
                "uri": ""
              }
            ],
            "hosted_zone_id": "Z3AQBSTGFYJSTF",
            "id": "remote-state-flask-crypto-app",
            "lifecycle_rule": [],
            "logging": [],
            "object_lock_configuration": [],
            "object_lock_enabled": false,
            "policy": "",
            "region": "us-east-1",
            "replication_configuration": [],
            "request_payer": "BucketOwner",
            "server_side_encryption_configuration": [
              {
                "rule": [
                  {
                    "apply_server_side_encryption_by_default": [
                      {
                        "kms_master_key_id": "",
                        "sse_algorithm": "AES256"
                      }
                    ],
                    "bucket_key_enabled": false
                  }
                ]
              }
            ],
            "tags": null,
            "tags_all": {},
            "timeouts": null,
            "versioning": [
              {
                "enabled": false,
                "mfa_delete": false
              }
            ],
            "website": [],
            "website_domain": null,
            "website_endpoint": null
          },
          "sensitive_attributes": [],
          "private": "eyJlMmJmYjczMC1lY2FhLTExZTYtOGY4OC0zNDM2M2JjN2M0YzAiOnsiY3JlYXRlIjoxMjAwMDAwMDAwMDAwLCJkZWxldGUiOjM2MDAwMDAwMDAwMDAsInJlYWQiOjEyMDAwMDAwMDAwMDAsInVwZGF0ZSI6MTIwMDAwMDAwMDAwMH19"
        }
      ]
    },
    {
      "module": "module.tf-state_module",
      "mode": "managed",
      "type": "aws_s3_bucket_versioning",
      "name": "s3_versioning",
      "provider": "provider[\"registry.terraform.io/hashicorp/aws\"]",
      "instances": [
        {
          "schema_version": 0,
          "attributes": {
            "bucket": "remote-state-flask-crypto-app",
            "expected_bucket_owner": "",
            "id": "remote-state-flask-crypto-app",
            "mfa": null,
            "versioning_configuration": [
              {
                "mfa_delete": "",
                "status": "Enabled"
              }
            ]
          },
          "sensitive_attributes": [],
          "private": "bnVsbA==",
          "dependencies": [
            "module.tf-state_module.aws_s3_bucket.s3_state"
          ]
        }
      ]
    }
  ],
  "check_results": null
}
